// !$*UTF8*$!
{
	archiveVersion = 1;
	classes = {
	};
	objectVersion = 56;
	objects = {

/* Begin PBXBuildFile section */
		AF3DB85C29C3182E00097A71 /* HomeVC.swift in Sources */ = {isa = PBXBuildFile; fileRef = AF3DB85B29C3182E00097A71 /* HomeVC.swift */; };
		AF3DB87029C4288600097A71 /* WelcomePage.swift in Sources */ = {isa = PBXBuildFile; fileRef = AF3DB86F29C4288600097A71 /* WelcomePage.swift */; };
		AF3DB87329C433FD00097A71 /* UIColor+Extension.swift in Sources */ = {isa = PBXBuildFile; fileRef = AF3DB87229C433FD00097A71 /* UIColor+Extension.swift */; };
		AF3DB87A29C4431500097A71 /* ProjXDB.xcdatamodeld in Sources */ = {isa = PBXBuildFile; fileRef = AF3DB87829C4431500097A71 /* ProjXDB.xcdatamodeld */; };
		AF60B0D929C2D70B0070B4E0 /* AppDelegate.swift in Sources */ = {isa = PBXBuildFile; fileRef = AF60B0D829C2D70B0070B4E0 /* AppDelegate.swift */; };
		AF60B0DB29C2D70B0070B4E0 /* SceneDelegate.swift in Sources */ = {isa = PBXBuildFile; fileRef = AF60B0DA29C2D70B0070B4E0 /* SceneDelegate.swift */; };
		AF60B0E229C2D70D0070B4E0 /* Assets.xcassets in Resources */ = {isa = PBXBuildFile; fileRef = AF60B0E129C2D70D0070B4E0 /* Assets.xcassets */; };
		AF60B0E529C2D70D0070B4E0 /* LaunchScreen.storyboard in Resources */ = {isa = PBXBuildFile; fileRef = AF60B0E329C2D70D0070B4E0 /* LaunchScreen.storyboard */; };
		AF60B0EF29C2D8F50070B4E0 /* GlobalConstants.swift in Sources */ = {isa = PBXBuildFile; fileRef = AF60B0EE29C2D8F50070B4E0 /* GlobalConstants.swift */; };
		AF60B0F229C2EDFF0070B4E0 /* ELDSViewController.swift in Sources */ = {isa = PBXBuildFile; fileRef = AF60B0F129C2EDFF0070B4E0 /* ELDSViewController.swift */; };
		AF60B0F929C2F1F30070B4E0 /* MainTabbar.swift in Sources */ = {isa = PBXBuildFile; fileRef = AF60B0F829C2F1F30070B4E0 /* MainTabbar.swift */; };
		AF60B0FE29C2F3E70070B4E0 /* BrowseVC.swift in Sources */ = {isa = PBXBuildFile; fileRef = AF60B0FD29C2F3E70070B4E0 /* BrowseVC.swift */; };
		AF60B10029C2F4060070B4E0 /* TeamsVC.swift in Sources */ = {isa = PBXBuildFile; fileRef = AF60B0FF29C2F4060070B4E0 /* TeamsVC.swift */; };
		AF60B10229C2F4100070B4E0 /* UpdatesVC.swift in Sources */ = {isa = PBXBuildFile; fileRef = AF60B10129C2F4100070B4E0 /* UpdatesVC.swift */; };
		AF60B10429C2F41F0070B4E0 /* ProfileVC.swift in Sources */ = {isa = PBXBuildFile; fileRef = AF60B10329C2F41F0070B4E0 /* ProfileVC.swift */; };
		AF94034129C86590001FAA7A /* ELDSTableViewController.swift in Sources */ = {isa = PBXBuildFile; fileRef = AF94034029C86590001FAA7A /* ELDSTableViewController.swift */; };
		AF94036D29C877E1001FAA7A /* DataManager.swift in Sources */ = {isa = PBXBuildFile; fileRef = AF94036C29C877E1001FAA7A /* DataManager.swift */; };
		AF94037829C87F75001FAA7A /* TaskItem+CoreDataClass.swift in Sources */ = {isa = PBXBuildFile; fileRef = AF94037429C87F75001FAA7A /* TaskItem+CoreDataClass.swift */; };
		AF94037929C87F75001FAA7A /* TaskItem+CoreDataProperties.swift in Sources */ = {isa = PBXBuildFile; fileRef = AF94037529C87F75001FAA7A /* TaskItem+CoreDataProperties.swift */; };
		AF94037D29C8B606001FAA7A /* BaseLoginViewTableViewTableViewController.swift in Sources */ = {isa = PBXBuildFile; fileRef = AF94037C29C8B606001FAA7A /* BaseLoginViewTableViewTableViewController.swift */; };
		AF94037F29C9711B001FAA7A /* DummyVC.swift in Sources */ = {isa = PBXBuildFile; fileRef = AF94037E29C9711B001FAA7A /* DummyVC.swift */; };
		AF94038629C98F43001FAA7A /* User+CoreDataClass.swift in Sources */ = {isa = PBXBuildFile; fileRef = AF94038429C98F43001FAA7A /* User+CoreDataClass.swift */; };
		AF94038729C98F43001FAA7A /* User+CoreDataProperties.swift in Sources */ = {isa = PBXBuildFile; fileRef = AF94038529C98F43001FAA7A /* User+CoreDataProperties.swift */; };
		AF94039229C995A9001FAA7A /* Team+CoreDataClass.swift in Sources */ = {isa = PBXBuildFile; fileRef = AF94039029C995A9001FAA7A /* Team+CoreDataClass.swift */; };
		AF94039329C995A9001FAA7A /* Team+CoreDataProperties.swift in Sources */ = {isa = PBXBuildFile; fileRef = AF94039129C995A9001FAA7A /* Team+CoreDataProperties.swift */; };
		AF94039629C9ABF8001FAA7A /* ELDSCollectionViewController.swift in Sources */ = {isa = PBXBuildFile; fileRef = AF94039529C9ABF8001FAA7A /* ELDSCollectionViewController.swift */; };
		AF94039929C9B00C001FAA7A /* HomeCollectionViewTaskCell.swift in Sources */ = {isa = PBXBuildFile; fileRef = AF94039829C9B00C001FAA7A /* HomeCollectionViewTaskCell.swift */; };
		AF9403CE29CA12E2001FAA7A /* Date+Extension.swift in Sources */ = {isa = PBXBuildFile; fileRef = AF9403CD29CA12E2001FAA7A /* Date+Extension.swift */; };
		AF9403D029CA9BCF001FAA7A /* HomeCollectionViewHeaderView.swift in Sources */ = {isa = PBXBuildFile; fileRef = AF9403CF29CA9BCF001FAA7A /* HomeCollectionViewHeaderView.swift */; };
		AF9403D229CAB1FA001FAA7A /* SessionManager.swift in Sources */ = {isa = PBXBuildFile; fileRef = AF9403D129CAB1FA001FAA7A /* SessionManager.swift */; };
		AF9403D429CAE5CA001FAA7A /* HomeCollectionViewEmptyPlaceholderCell.swift in Sources */ = {isa = PBXBuildFile; fileRef = AF9403D329CAE5CA001FAA7A /* HomeCollectionViewEmptyPlaceholderCell.swift */; };
		AF9403D629CAE71A001FAA7A /* UserRole.swift in Sources */ = {isa = PBXBuildFile; fileRef = AF9403D529CAE71A001FAA7A /* UserRole.swift */; };
		AF9403DA29CB0D69001FAA7A /* TeamTableViewCell.swift in Sources */ = {isa = PBXBuildFile; fileRef = AF9403D929CB0D69001FAA7A /* TeamTableViewCell.swift */; };
		AF9AB1C029C82C0500246A39 /* StatusUpdate.swift in Sources */ = {isa = PBXBuildFile; fileRef = AF9AB1BF29C82C0500246A39 /* StatusUpdate.swift */; };
		AFE258D329C496580017ADFB /* SignupVC.swift in Sources */ = {isa = PBXBuildFile; fileRef = AFE258D229C496580017ADFB /* SignupVC.swift */; };
		AFE258D529C49CF00017ADFB /* SigninVC.swift in Sources */ = {isa = PBXBuildFile; fileRef = AFE258D429C49CF00017ADFB /* SigninVC.swift */; };
		AFE258D729C49DA30017ADFB /* LoginDelegates.swift in Sources */ = {isa = PBXBuildFile; fileRef = AFE258D629C49DA30017ADFB /* LoginDelegates.swift */; };
		AFE258DC29C6EC320017ADFB /* UITextField+Extension.swift in Sources */ = {isa = PBXBuildFile; fileRef = AFE258DB29C6EC320017ADFB /* UITextField+Extension.swift */; };
		AFE258E129C818860017ADFB /* ELDSLabel.swift in Sources */ = {isa = PBXBuildFile; fileRef = AFE258E029C818860017ADFB /* ELDSLabel.swift */; };
		AFE258E429C81B1D0017ADFB /* InputValidator.swift in Sources */ = {isa = PBXBuildFile; fileRef = AFE258E329C81B1D0017ADFB /* InputValidator.swift */; };
/* End PBXBuildFile section */

/* Begin PBXFileReference section */
		AF3DB85B29C3182E00097A71 /* HomeVC.swift */ = {isa = PBXFileReference; lastKnownFileType = sourcecode.swift; path = HomeVC.swift; sourceTree = "<group>"; };
		AF3DB86F29C4288600097A71 /* WelcomePage.swift */ = {isa = PBXFileReference; lastKnownFileType = sourcecode.swift; path = WelcomePage.swift; sourceTree = "<group>"; };
		AF3DB87229C433FD00097A71 /* UIColor+Extension.swift */ = {isa = PBXFileReference; lastKnownFileType = sourcecode.swift; path = "UIColor+Extension.swift"; sourceTree = "<group>"; };
		AF3DB87929C4431500097A71 /* EnceladusDB.xcdatamodel */ = {isa = PBXFileReference; lastKnownFileType = wrapper.xcdatamodel; path = EnceladusDB.xcdatamodel; sourceTree = "<group>"; };
		AF60B0D529C2D70B0070B4E0 /* ProjX.app */ = {isa = PBXFileReference; explicitFileType = wrapper.application; includeInIndex = 0; name = ProjX.app; path = "/Users/sathya-pt6217/Documents/Swift/ProjX/build/Debug-iphoneos/ProjX.app"; sourceTree = "<absolute>"; };
		AF60B0D829C2D70B0070B4E0 /* AppDelegate.swift */ = {isa = PBXFileReference; lastKnownFileType = sourcecode.swift; path = AppDelegate.swift; sourceTree = "<group>"; };
		AF60B0DA29C2D70B0070B4E0 /* SceneDelegate.swift */ = {isa = PBXFileReference; lastKnownFileType = sourcecode.swift; path = SceneDelegate.swift; sourceTree = "<group>"; };
		AF60B0E129C2D70D0070B4E0 /* Assets.xcassets */ = {isa = PBXFileReference; lastKnownFileType = folder.assetcatalog; path = Assets.xcassets; sourceTree = "<group>"; };
		AF60B0E429C2D70D0070B4E0 /* Base */ = {isa = PBXFileReference; lastKnownFileType = file.storyboard; name = Base; path = Base.lproj/LaunchScreen.storyboard; sourceTree = "<group>"; };
		AF60B0E629C2D70D0070B4E0 /* Info.plist */ = {isa = PBXFileReference; lastKnownFileType = text.plist.xml; path = Info.plist; sourceTree = "<group>"; };
		AF60B0EE29C2D8F50070B4E0 /* GlobalConstants.swift */ = {isa = PBXFileReference; lastKnownFileType = sourcecode.swift; path = GlobalConstants.swift; sourceTree = "<group>"; };
		AF60B0F129C2EDFF0070B4E0 /* ELDSViewController.swift */ = {isa = PBXFileReference; lastKnownFileType = sourcecode.swift; path = ELDSViewController.swift; sourceTree = "<group>"; };
		AF60B0F829C2F1F30070B4E0 /* MainTabbar.swift */ = {isa = PBXFileReference; lastKnownFileType = sourcecode.swift; path = MainTabbar.swift; sourceTree = "<group>"; };
		AF60B0FD29C2F3E70070B4E0 /* BrowseVC.swift */ = {isa = PBXFileReference; lastKnownFileType = sourcecode.swift; path = BrowseVC.swift; sourceTree = "<group>"; };
		AF60B0FF29C2F4060070B4E0 /* TeamsVC.swift */ = {isa = PBXFileReference; lastKnownFileType = sourcecode.swift; path = TeamsVC.swift; sourceTree = "<group>"; };
		AF60B10129C2F4100070B4E0 /* UpdatesVC.swift */ = {isa = PBXFileReference; lastKnownFileType = sourcecode.swift; path = UpdatesVC.swift; sourceTree = "<group>"; };
		AF60B10329C2F41F0070B4E0 /* ProfileVC.swift */ = {isa = PBXFileReference; lastKnownFileType = sourcecode.swift; path = ProfileVC.swift; sourceTree = "<group>"; };
		AF94034029C86590001FAA7A /* ELDSTableViewController.swift */ = {isa = PBXFileReference; lastKnownFileType = sourcecode.swift; path = ELDSTableViewController.swift; sourceTree = "<group>"; };
		AF94036C29C877E1001FAA7A /* DataManager.swift */ = {isa = PBXFileReference; lastKnownFileType = sourcecode.swift; path = DataManager.swift; sourceTree = "<group>"; };
		AF94037429C87F75001FAA7A /* TaskItem+CoreDataClass.swift */ = {isa = PBXFileReference; lastKnownFileType = sourcecode.swift; path = "TaskItem+CoreDataClass.swift"; sourceTree = "<group>"; };
		AF94037529C87F75001FAA7A /* TaskItem+CoreDataProperties.swift */ = {isa = PBXFileReference; lastKnownFileType = sourcecode.swift; path = "TaskItem+CoreDataProperties.swift"; sourceTree = "<group>"; };
		AF94037C29C8B606001FAA7A /* BaseLoginViewTableViewTableViewController.swift */ = {isa = PBXFileReference; lastKnownFileType = sourcecode.swift; path = BaseLoginViewTableViewTableViewController.swift; sourceTree = "<group>"; };
		AF94037E29C9711B001FAA7A /* DummyVC.swift */ = {isa = PBXFileReference; lastKnownFileType = sourcecode.swift; path = DummyVC.swift; sourceTree = "<group>"; };
		AF94038429C98F43001FAA7A /* User+CoreDataClass.swift */ = {isa = PBXFileReference; lastKnownFileType = sourcecode.swift; path = "User+CoreDataClass.swift"; sourceTree = "<group>"; };
		AF94038529C98F43001FAA7A /* User+CoreDataProperties.swift */ = {isa = PBXFileReference; lastKnownFileType = sourcecode.swift; path = "User+CoreDataProperties.swift"; sourceTree = "<group>"; };
		AF94039029C995A9001FAA7A /* Team+CoreDataClass.swift */ = {isa = PBXFileReference; lastKnownFileType = sourcecode.swift; path = "Team+CoreDataClass.swift"; sourceTree = "<group>"; };
		AF94039129C995A9001FAA7A /* Team+CoreDataProperties.swift */ = {isa = PBXFileReference; lastKnownFileType = sourcecode.swift; path = "Team+CoreDataProperties.swift"; sourceTree = "<group>"; };
		AF94039529C9ABF8001FAA7A /* ELDSCollectionViewController.swift */ = {isa = PBXFileReference; lastKnownFileType = sourcecode.swift; path = ELDSCollectionViewController.swift; sourceTree = "<group>"; };
		AF94039829C9B00C001FAA7A /* HomeCollectionViewTaskCell.swift */ = {isa = PBXFileReference; lastKnownFileType = sourcecode.swift; path = HomeCollectionViewTaskCell.swift; sourceTree = "<group>"; };
		AF9403CD29CA12E2001FAA7A /* Date+Extension.swift */ = {isa = PBXFileReference; lastKnownFileType = sourcecode.swift; path = "Date+Extension.swift"; sourceTree = "<group>"; };
		AF9403CF29CA9BCF001FAA7A /* HomeCollectionViewHeaderView.swift */ = {isa = PBXFileReference; lastKnownFileType = sourcecode.swift; path = HomeCollectionViewHeaderView.swift; sourceTree = "<group>"; };
		AF9403D129CAB1FA001FAA7A /* SessionManager.swift */ = {isa = PBXFileReference; lastKnownFileType = sourcecode.swift; path = SessionManager.swift; sourceTree = "<group>"; };
		AF9403D329CAE5CA001FAA7A /* HomeCollectionViewEmptyPlaceholderCell.swift */ = {isa = PBXFileReference; lastKnownFileType = sourcecode.swift; path = HomeCollectionViewEmptyPlaceholderCell.swift; sourceTree = "<group>"; };
		AF9403D529CAE71A001FAA7A /* UserRole.swift */ = {isa = PBXFileReference; lastKnownFileType = sourcecode.swift; path = UserRole.swift; sourceTree = "<group>"; };
		AF9403D929CB0D69001FAA7A /* TeamTableViewCell.swift */ = {isa = PBXFileReference; lastKnownFileType = sourcecode.swift; path = TeamTableViewCell.swift; sourceTree = "<group>"; };
		AF9AB1BF29C82C0500246A39 /* StatusUpdate.swift */ = {isa = PBXFileReference; lastKnownFileType = sourcecode.swift; path = StatusUpdate.swift; sourceTree = "<group>"; };
		AFE258D229C496580017ADFB /* SignupVC.swift */ = {isa = PBXFileReference; lastKnownFileType = sourcecode.swift; path = SignupVC.swift; sourceTree = "<group>"; };
		AFE258D429C49CF00017ADFB /* SigninVC.swift */ = {isa = PBXFileReference; lastKnownFileType = sourcecode.swift; path = SigninVC.swift; sourceTree = "<group>"; };
		AFE258D629C49DA30017ADFB /* LoginDelegates.swift */ = {isa = PBXFileReference; lastKnownFileType = sourcecode.swift; path = LoginDelegates.swift; sourceTree = "<group>"; };
		AFE258DB29C6EC320017ADFB /* UITextField+Extension.swift */ = {isa = PBXFileReference; lastKnownFileType = sourcecode.swift; path = "UITextField+Extension.swift"; sourceTree = "<group>"; };
		AFE258E029C818860017ADFB /* ELDSLabel.swift */ = {isa = PBXFileReference; lastKnownFileType = sourcecode.swift; path = ELDSLabel.swift; sourceTree = "<group>"; };
		AFE258E329C81B1D0017ADFB /* InputValidator.swift */ = {isa = PBXFileReference; lastKnownFileType = sourcecode.swift; path = InputValidator.swift; sourceTree = "<group>"; };
/* End PBXFileReference section */

/* Begin PBXFrameworksBuildPhase section */
		AF60B0D229C2D70B0070B4E0 /* Frameworks */ = {
			isa = PBXFrameworksBuildPhase;
			buildActionMask = 2147483647;
			files = (
			);
			runOnlyForDeploymentPostprocessing = 0;
		};
/* End PBXFrameworksBuildPhase section */

/* Begin PBXGroup section */
		AF3DB85A29C317D500097A71 /* View */ = {
			isa = PBXGroup;
			children = (
				AF94039729C9AFEF001FAA7A /* Root */,
			);
			path = View;
			sourceTree = "<group>";
		};
		AF3DB86829C346E400097A71 /* Login */ = {
			isa = PBXGroup;
			children = (
				AF3DB86F29C4288600097A71 /* WelcomePage.swift */,
				AF94037C29C8B606001FAA7A /* BaseLoginViewTableViewTableViewController.swift */,
				AFE258D229C496580017ADFB /* SignupVC.swift */,
				AFE258D429C49CF00017ADFB /* SigninVC.swift */,
				AFE258D629C49DA30017ADFB /* LoginDelegates.swift */,
			);
			path = Login;
			sourceTree = "<group>";
		};
		AF3DB87129C433E900097A71 /* Extensions */ = {
			isa = PBXGroup;
			children = (
				AF3DB87229C433FD00097A71 /* UIColor+Extension.swift */,
				AFE258DB29C6EC320017ADFB /* UITextField+Extension.swift */,
				AF9403CD29CA12E2001FAA7A /* Date+Extension.swift */,
			);
			path = Extensions;
			sourceTree = "<group>";
		};
		AF3DB87429C4422300097A71 /* Session */ = {
			isa = PBXGroup;
			children = (
				AF9403D129CAB1FA001FAA7A /* SessionManager.swift */,
			);
			path = Session;
			sourceTree = "<group>";
		};
		AF3DB87729C442FD00097A71 /* CoreData */ = {
			isa = PBXGroup;
			children = (
				AF3DB87829C4431500097A71 /* ProjXDB.xcdatamodeld */,
				AF94036C29C877E1001FAA7A /* DataManager.swift */,
			);
			path = CoreData;
			sourceTree = "<group>";
		};
		AF60B0CC29C2D70B0070B4E0 = {
			isa = PBXGroup;
			children = (
				AF60B0D729C2D70B0070B4E0 /* ProjX */,
			);
			sourceTree = "<group>";
		};
		AF60B0D729C2D70B0070B4E0 /* ProjX */ = {
			isa = PBXGroup;
			children = (
				AFE258E229C81B050017ADFB /* Util */,
				AF3DB87729C442FD00097A71 /* CoreData */,
				AF3DB87429C4422300097A71 /* Session */,
				AF3DB87129C433E900097A71 /* Extensions */,
				AF60B0F629C2F0E50070B4E0 /* Model */,
				AF60B0F729C2F1070070B4E0 /* Controller */,
				AF3DB85A29C317D500097A71 /* View */,
				AF60B0F029C2ED730070B4E0 /* CustomViews+Controllers */,
				AF60B0ED29C2D8470070B4E0 /* Config */,
				AF60B0EC29C2D7CB0070B4E0 /* Structure */,
				AF94037E29C9711B001FAA7A /* DummyVC.swift */,
			);
			path = ProjX;
			sourceTree = "<group>";
		};
		AF60B0EC29C2D7CB0070B4E0 /* Structure */ = {
			isa = PBXGroup;
			children = (
				AF60B0D829C2D70B0070B4E0 /* AppDelegate.swift */,
				AF60B0DA29C2D70B0070B4E0 /* SceneDelegate.swift */,
				AF60B0E629C2D70D0070B4E0 /* Info.plist */,
				AF60B0E129C2D70D0070B4E0 /* Assets.xcassets */,
				AF60B0E329C2D70D0070B4E0 /* LaunchScreen.storyboard */,
			);
			path = Structure;
			sourceTree = "<group>";
		};
		AF60B0ED29C2D8470070B4E0 /* Config */ = {
			isa = PBXGroup;
			children = (
				AF60B0EE29C2D8F50070B4E0 /* GlobalConstants.swift */,
			);
			path = Config;
			sourceTree = "<group>";
		};
		AF60B0F029C2ED730070B4E0 /* CustomViews+Controllers */ = {
			isa = PBXGroup;
			children = (
				AF60B0F129C2EDFF0070B4E0 /* ELDSViewController.swift */,
				AF94034029C86590001FAA7A /* ELDSTableViewController.swift */,
				AFE258E029C818860017ADFB /* ELDSLabel.swift */,
				AF94039529C9ABF8001FAA7A /* ELDSCollectionViewController.swift */,
			);
			path = "CustomViews+Controllers";
			sourceTree = "<group>";
		};
		AF60B0F629C2F0E50070B4E0 /* Model */ = {
			isa = PBXGroup;
			children = (
				AF94039029C995A9001FAA7A /* Team+CoreDataClass.swift */,
				AF94039129C995A9001FAA7A /* Team+CoreDataProperties.swift */,
				AF94038429C98F43001FAA7A /* User+CoreDataClass.swift */,
				AF94038529C98F43001FAA7A /* User+CoreDataProperties.swift */,
				AF94037429C87F75001FAA7A /* TaskItem+CoreDataClass.swift */,
				AF94037529C87F75001FAA7A /* TaskItem+CoreDataProperties.swift */,
				AF9AB1BF29C82C0500246A39 /* StatusUpdate.swift */,
				AF9403D529CAE71A001FAA7A /* UserRole.swift */,
			);
			path = Model;
			sourceTree = "<group>";
		};
		AF60B0F729C2F1070070B4E0 /* Controller */ = {
			isa = PBXGroup;
			children = (
				AF3DB86829C346E400097A71 /* Login */,
				AF60B0FA29C2F3A20070B4E0 /* Root */,
			);
			path = Controller;
			sourceTree = "<group>";
		};
		AF60B0FA29C2F3A20070B4E0 /* Root */ = {
			isa = PBXGroup;
			children = (
				AF3DB85B29C3182E00097A71 /* HomeVC.swift */,
				AF60B0FD29C2F3E70070B4E0 /* BrowseVC.swift */,
				AF60B0FF29C2F4060070B4E0 /* TeamsVC.swift */,
				AF60B10129C2F4100070B4E0 /* UpdatesVC.swift */,
				AF60B10329C2F41F0070B4E0 /* ProfileVC.swift */,
				AF60B0F829C2F1F30070B4E0 /* MainTabbar.swift */,
			);
			path = Root;
			sourceTree = "<group>";
		};
		AF94039729C9AFEF001FAA7A /* Root */ = {
			isa = PBXGroup;
			children = (
				AF94039829C9B00C001FAA7A /* HomeCollectionViewTaskCell.swift */,
				AF9403D329CAE5CA001FAA7A /* HomeCollectionViewEmptyPlaceholderCell.swift */,
				AF9403CF29CA9BCF001FAA7A /* HomeCollectionViewHeaderView.swift */,
				AF9403D929CB0D69001FAA7A /* TeamTableViewCell.swift */,
			);
			path = Root;
			sourceTree = "<group>";
		};
		AFE258E229C81B050017ADFB /* Util */ = {
			isa = PBXGroup;
			children = (
				AFE258E329C81B1D0017ADFB /* InputValidator.swift */,
			);
			path = Util;
			sourceTree = "<group>";
		};
/* End PBXGroup section */

/* Begin PBXNativeTarget section */
		AF60B0D429C2D70B0070B4E0 /* ProjX */ = {
			isa = PBXNativeTarget;
			buildConfigurationList = AF60B0E929C2D70D0070B4E0 /* Build configuration list for PBXNativeTarget "ProjX" */;
			buildPhases = (
				AF60B0D129C2D70B0070B4E0 /* Sources */,
				AF60B0D229C2D70B0070B4E0 /* Frameworks */,
				AF60B0D329C2D70B0070B4E0 /* Resources */,
			);
			buildRules = (
			);
			dependencies = (
			);
			name = ProjX;
			productName = Enceladus;
			productReference = AF60B0D529C2D70B0070B4E0 /* ProjX.app */;
			productType = "com.apple.product-type.application";
		};
/* End PBXNativeTarget section */

/* Begin PBXProject section */
		AF60B0CD29C2D70B0070B4E0 /* Project object */ = {
			isa = PBXProject;
			attributes = {
				BuildIndependentTargetsInParallel = 1;
				LastSwiftUpdateCheck = 1420;
				LastUpgradeCheck = 1420;
				TargetAttributes = {
					AF60B0D429C2D70B0070B4E0 = {
						CreatedOnToolsVersion = 14.2;
					};
				};
			};
			buildConfigurationList = AF60B0D029C2D70B0070B4E0 /* Build configuration list for PBXProject "ProjX" */;
			compatibilityVersion = "Xcode 14.0";
			developmentRegion = en;
			hasScannedForEncodings = 0;
			knownRegions = (
				en,
				Base,
			);
			mainGroup = AF60B0CC29C2D70B0070B4E0;
			productRefGroup = AF60B0CC29C2D70B0070B4E0;
			projectDirPath = "";
			projectRoot = "";
			targets = (
				AF60B0D429C2D70B0070B4E0 /* ProjX */,
			);
		};
/* End PBXProject section */

/* Begin PBXResourcesBuildPhase section */
		AF60B0D329C2D70B0070B4E0 /* Resources */ = {
			isa = PBXResourcesBuildPhase;
			buildActionMask = 2147483647;
			files = (
				AF60B0E529C2D70D0070B4E0 /* LaunchScreen.storyboard in Resources */,
				AF60B0E229C2D70D0070B4E0 /* Assets.xcassets in Resources */,
			);
			runOnlyForDeploymentPostprocessing = 0;
		};
/* End PBXResourcesBuildPhase section */

/* Begin PBXSourcesBuildPhase section */
		AF60B0D129C2D70B0070B4E0 /* Sources */ = {
			isa = PBXSourcesBuildPhase;
			buildActionMask = 2147483647;
			files = (
				AF60B10429C2F41F0070B4E0 /* ProfileVC.swift in Sources */,
				AF3DB85C29C3182E00097A71 /* HomeVC.swift in Sources */,
				AF3DB87A29C4431500097A71 /* ProjXDB.xcdatamodeld in Sources */,
				AF94037D29C8B606001FAA7A /* BaseLoginViewTableViewTableViewController.swift in Sources */,
				AF3DB87329C433FD00097A71 /* UIColor+Extension.swift in Sources */,
				AF9403D429CAE5CA001FAA7A /* HomeCollectionViewEmptyPlaceholderCell.swift in Sources */,
				AF9AB1C029C82C0500246A39 /* StatusUpdate.swift in Sources */,
				AF60B0F929C2F1F30070B4E0 /* MainTabbar.swift in Sources */,
				AF9403DA29CB0D69001FAA7A /* TeamTableViewCell.swift in Sources */,
				AF94039929C9B00C001FAA7A /* HomeCollectionViewTaskCell.swift in Sources */,
				AF3DB87029C4288600097A71 /* WelcomePage.swift in Sources */,
				AF94038729C98F43001FAA7A /* User+CoreDataProperties.swift in Sources */,
				AF94038629C98F43001FAA7A /* User+CoreDataClass.swift in Sources */,
				AF9403D029CA9BCF001FAA7A /* HomeCollectionViewHeaderView.swift in Sources */,
				AF60B10229C2F4100070B4E0 /* UpdatesVC.swift in Sources */,
				AF9403D229CAB1FA001FAA7A /* SessionManager.swift in Sources */,
				AF60B0D929C2D70B0070B4E0 /* AppDelegate.swift in Sources */,
				AF94039229C995A9001FAA7A /* Team+CoreDataClass.swift in Sources */,
				AF60B0FE29C2F3E70070B4E0 /* BrowseVC.swift in Sources */,
				AF94037829C87F75001FAA7A /* TaskItem+CoreDataClass.swift in Sources */,
				AF94037929C87F75001FAA7A /* TaskItem+CoreDataProperties.swift in Sources */,
				AFE258D729C49DA30017ADFB /* LoginDelegates.swift in Sources */,
				AFE258E429C81B1D0017ADFB /* InputValidator.swift in Sources */,
				AF94037F29C9711B001FAA7A /* DummyVC.swift in Sources */,
				AF94036D29C877E1001FAA7A /* DataManager.swift in Sources */,
				AF60B10029C2F4060070B4E0 /* TeamsVC.swift in Sources */,
				AF94039629C9ABF8001FAA7A /* ELDSCollectionViewController.swift in Sources */,
				AF9403CE29CA12E2001FAA7A /* Date+Extension.swift in Sources */,
				AF60B0F229C2EDFF0070B4E0 /* ELDSViewController.swift in Sources */,
				AFE258D329C496580017ADFB /* SignupVC.swift in Sources */,
				AFE258DC29C6EC320017ADFB /* UITextField+Extension.swift in Sources */,
				AF9403D629CAE71A001FAA7A /* UserRole.swift in Sources */,
				AF94039329C995A9001FAA7A /* Team+CoreDataProperties.swift in Sources */,
				AFE258E129C818860017ADFB /* ELDSLabel.swift in Sources */,
				AFE258D529C49CF00017ADFB /* SigninVC.swift in Sources */,
				AF94034129C86590001FAA7A /* ELDSTableViewController.swift in Sources */,
				AF60B0DB29C2D70B0070B4E0 /* SceneDelegate.swift in Sources */,
				AF60B0EF29C2D8F50070B4E0 /* GlobalConstants.swift in Sources */,
			);
			runOnlyForDeploymentPostprocessing = 0;
		};
/* End PBXSourcesBuildPhase section */

/* Begin PBXVariantGroup section */
		AF60B0E329C2D70D0070B4E0 /* LaunchScreen.storyboard */ = {
			isa = PBXVariantGroup;
			children = (
				AF60B0E429C2D70D0070B4E0 /* Base */,
			);
			name = LaunchScreen.storyboard;
			sourceTree = "<group>";
		};
/* End PBXVariantGroup section */

/* Begin XCBuildConfiguration section */
		AF60B0E729C2D70D0070B4E0 /* Debug */ = {
			isa = XCBuildConfiguration;
			buildSettings = {
				ALWAYS_SEARCH_USER_PATHS = NO;
				CLANG_ANALYZER_NONNULL = YES;
				CLANG_ANALYZER_NUMBER_OBJECT_CONVERSION = YES_AGGRESSIVE;
				CLANG_CXX_LANGUAGE_STANDARD = "gnu++20";
				CLANG_ENABLE_MODULES = YES;
				CLANG_ENABLE_OBJC_ARC = YES;
				CLANG_ENABLE_OBJC_WEAK = YES;
				CLANG_WARN_BLOCK_CAPTURE_AUTORELEASING = YES;
				CLANG_WARN_BOOL_CONVERSION = YES;
				CLANG_WARN_COMMA = YES;
				CLANG_WARN_CONSTANT_CONVERSION = YES;
				CLANG_WARN_DEPRECATED_OBJC_IMPLEMENTATIONS = YES;
				CLANG_WARN_DIRECT_OBJC_ISA_USAGE = YES_ERROR;
				CLANG_WARN_DOCUMENTATION_COMMENTS = YES;
				CLANG_WARN_EMPTY_BODY = YES;
				CLANG_WARN_ENUM_CONVERSION = YES;
				CLANG_WARN_INFINITE_RECURSION = YES;
				CLANG_WARN_INT_CONVERSION = YES;
				CLANG_WARN_NON_LITERAL_NULL_CONVERSION = YES;
				CLANG_WARN_OBJC_IMPLICIT_RETAIN_SELF = YES;
				CLANG_WARN_OBJC_LITERAL_CONVERSION = YES;
				CLANG_WARN_OBJC_ROOT_CLASS = YES_ERROR;
				CLANG_WARN_QUOTED_INCLUDE_IN_FRAMEWORK_HEADER = YES;
				CLANG_WARN_RANGE_LOOP_ANALYSIS = YES;
				CLANG_WARN_STRICT_PROTOTYPES = YES;
				CLANG_WARN_SUSPICIOUS_MOVE = YES;
				CLANG_WARN_UNGUARDED_AVAILABILITY = YES_AGGRESSIVE;
				CLANG_WARN_UNREACHABLE_CODE = YES;
				CLANG_WARN__DUPLICATE_METHOD_MATCH = YES;
				COPY_PHASE_STRIP = NO;
				DEBUG_INFORMATION_FORMAT = dwarf;
				ENABLE_STRICT_OBJC_MSGSEND = YES;
				ENABLE_TESTABILITY = YES;
				GCC_C_LANGUAGE_STANDARD = gnu11;
				GCC_DYNAMIC_NO_PIC = NO;
				GCC_NO_COMMON_BLOCKS = YES;
				GCC_OPTIMIZATION_LEVEL = 0;
				GCC_PREPROCESSOR_DEFINITIONS = (
					"DEBUG=1",
					"$(inherited)",
				);
				GCC_WARN_64_TO_32_BIT_CONVERSION = YES;
				GCC_WARN_ABOUT_RETURN_TYPE = YES_ERROR;
				GCC_WARN_UNDECLARED_SELECTOR = YES;
				GCC_WARN_UNINITIALIZED_AUTOS = YES_AGGRESSIVE;
				GCC_WARN_UNUSED_FUNCTION = YES;
				GCC_WARN_UNUSED_VARIABLE = YES;
				IPHONEOS_DEPLOYMENT_TARGET = 16.2;
				MTL_ENABLE_DEBUG_INFO = INCLUDE_SOURCE;
				MTL_FAST_MATH = YES;
				ONLY_ACTIVE_ARCH = YES;
				SDKROOT = iphoneos;
				SWIFT_ACTIVE_COMPILATION_CONDITIONS = DEBUG;
				SWIFT_OPTIMIZATION_LEVEL = "-Onone";
			};
			name = Debug;
		};
		AF60B0E829C2D70D0070B4E0 /* Release */ = {
			isa = XCBuildConfiguration;
			buildSettings = {
				ALWAYS_SEARCH_USER_PATHS = NO;
				CLANG_ANALYZER_NONNULL = YES;
				CLANG_ANALYZER_NUMBER_OBJECT_CONVERSION = YES_AGGRESSIVE;
				CLANG_CXX_LANGUAGE_STANDARD = "gnu++20";
				CLANG_ENABLE_MODULES = YES;
				CLANG_ENABLE_OBJC_ARC = YES;
				CLANG_ENABLE_OBJC_WEAK = YES;
				CLANG_WARN_BLOCK_CAPTURE_AUTORELEASING = YES;
				CLANG_WARN_BOOL_CONVERSION = YES;
				CLANG_WARN_COMMA = YES;
				CLANG_WARN_CONSTANT_CONVERSION = YES;
				CLANG_WARN_DEPRECATED_OBJC_IMPLEMENTATIONS = YES;
				CLANG_WARN_DIRECT_OBJC_ISA_USAGE = YES_ERROR;
				CLANG_WARN_DOCUMENTATION_COMMENTS = YES;
				CLANG_WARN_EMPTY_BODY = YES;
				CLANG_WARN_ENUM_CONVERSION = YES;
				CLANG_WARN_INFINITE_RECURSION = YES;
				CLANG_WARN_INT_CONVERSION = YES;
				CLANG_WARN_NON_LITERAL_NULL_CONVERSION = YES;
				CLANG_WARN_OBJC_IMPLICIT_RETAIN_SELF = YES;
				CLANG_WARN_OBJC_LITERAL_CONVERSION = YES;
				CLANG_WARN_OBJC_ROOT_CLASS = YES_ERROR;
				CLANG_WARN_QUOTED_INCLUDE_IN_FRAMEWORK_HEADER = YES;
				CLANG_WARN_RANGE_LOOP_ANALYSIS = YES;
				CLANG_WARN_STRICT_PROTOTYPES = YES;
				CLANG_WARN_SUSPICIOUS_MOVE = YES;
				CLANG_WARN_UNGUARDED_AVAILABILITY = YES_AGGRESSIVE;
				CLANG_WARN_UNREACHABLE_CODE = YES;
				CLANG_WARN__DUPLICATE_METHOD_MATCH = YES;
				COPY_PHASE_STRIP = NO;
				DEBUG_INFORMATION_FORMAT = "dwarf-with-dsym";
				ENABLE_NS_ASSERTIONS = NO;
				ENABLE_STRICT_OBJC_MSGSEND = YES;
				GCC_C_LANGUAGE_STANDARD = gnu11;
				GCC_NO_COMMON_BLOCKS = YES;
				GCC_WARN_64_TO_32_BIT_CONVERSION = YES;
				GCC_WARN_ABOUT_RETURN_TYPE = YES_ERROR;
				GCC_WARN_UNDECLARED_SELECTOR = YES;
				GCC_WARN_UNINITIALIZED_AUTOS = YES_AGGRESSIVE;
				GCC_WARN_UNUSED_FUNCTION = YES;
				GCC_WARN_UNUSED_VARIABLE = YES;
				IPHONEOS_DEPLOYMENT_TARGET = 16.2;
				MTL_ENABLE_DEBUG_INFO = NO;
				MTL_FAST_MATH = YES;
				SDKROOT = iphoneos;
				SWIFT_COMPILATION_MODE = wholemodule;
				SWIFT_OPTIMIZATION_LEVEL = "-O";
				VALIDATE_PRODUCT = YES;
			};
			name = Release;
		};
		AF60B0EA29C2D70D0070B4E0 /* Debug */ = {
			isa = XCBuildConfiguration;
			buildSettings = {
				ASSETCATALOG_COMPILER_APPICON_NAME = AppIcon;
				ASSETCATALOG_COMPILER_GLOBAL_ACCENT_COLOR_NAME = AccentColor;
				CODE_SIGN_STYLE = Automatic;
				CURRENT_PROJECT_VERSION = 1;
				DEVELOPMENT_TEAM = 8X9W3GL2K8;
				GENERATE_INFOPLIST_FILE = YES;
				INFOPLIST_FILE = ProjX/Structure/Info.plist;
				INFOPLIST_KEY_CFBundleDisplayName = ProjX;
				INFOPLIST_KEY_UIApplicationSupportsIndirectInputEvents = YES;
				INFOPLIST_KEY_UILaunchStoryboardName = ProjX/Structure/LaunchScreen;
				INFOPLIST_KEY_UIStatusBarStyle = "";
				INFOPLIST_KEY_UISupportedInterfaceOrientations = UIInterfaceOrientationPortrait;
				INFOPLIST_KEY_UISupportedInterfaceOrientations_iPad = "UIInterfaceOrientationLandscapeLeft UIInterfaceOrientationLandscapeRight UIInterfaceOrientationPortrait UIInterfaceOrientationPortraitUpsideDown";
				LD_RUNPATH_SEARCH_PATHS = (
					"$(inherited)",
					"@executable_path/Frameworks",
				);
				MARKETING_VERSION = 1.0;
				PRODUCT_BUNDLE_IDENTIFIER = "com.vision-devs.ProjX";
				PRODUCT_NAME = "$(TARGET_NAME)";
				SWIFT_EMIT_LOC_STRINGS = YES;
				SWIFT_VERSION = 5.0;
				TARGETED_DEVICE_FAMILY = "1,2";
			};
			name = Debug;
		};
		AF60B0EB29C2D70D0070B4E0 /* Release */ = {
			isa = XCBuildConfiguration;
			buildSettings = {
				ASSETCATALOG_COMPILER_APPICON_NAME = AppIcon;
				ASSETCATALOG_COMPILER_GLOBAL_ACCENT_COLOR_NAME = AccentColor;
				CODE_SIGN_STYLE = Automatic;
				CURRENT_PROJECT_VERSION = 1;
				DEVELOPMENT_TEAM = 8X9W3GL2K8;
				GENERATE_INFOPLIST_FILE = YES;
				INFOPLIST_FILE = ProjX/Structure/Info.plist;
				INFOPLIST_KEY_CFBundleDisplayName = ProjX;
				INFOPLIST_KEY_UIApplicationSupportsIndirectInputEvents = YES;
				INFOPLIST_KEY_UILaunchStoryboardName = ProjX/Structure/LaunchScreen;
				INFOPLIST_KEY_UIStatusBarStyle = "";
				INFOPLIST_KEY_UISupportedInterfaceOrientations = UIInterfaceOrientationPortrait;
				INFOPLIST_KEY_UISupportedInterfaceOrientations_iPad = "UIInterfaceOrientationLandscapeLeft UIInterfaceOrientationLandscapeRight UIInterfaceOrientationPortrait UIInterfaceOrientationPortraitUpsideDown";
				LD_RUNPATH_SEARCH_PATHS = (
					"$(inherited)",
					"@executable_path/Frameworks",
				);
				MARKETING_VERSION = 1.0;
				PRODUCT_BUNDLE_IDENTIFIER = "com.vision-devs.ProjX";
				PRODUCT_NAME = "$(TARGET_NAME)";
				SWIFT_EMIT_LOC_STRINGS = YES;
				SWIFT_VERSION = 5.0;
				TARGETED_DEVICE_FAMILY = "1,2";
			};
			name = Release;
		};
/* End XCBuildConfiguration section */

/* Begin XCConfigurationList section */
		AF60B0D029C2D70B0070B4E0 /* Build configuration list for PBXProject "ProjX" */ = {
			isa = XCConfigurationList;
			buildConfigurations = (
				AF60B0E729C2D70D0070B4E0 /* Debug */,
				AF60B0E829C2D70D0070B4E0 /* Release */,
			);
			defaultConfigurationIsVisible = 0;
			defaultConfigurationName = Release;
		};
		AF60B0E929C2D70D0070B4E0 /* Build configuration list for PBXNativeTarget "ProjX" */ = {
			isa = XCConfigurationList;
			buildConfigurations = (
				AF60B0EA29C2D70D0070B4E0 /* Debug */,
				AF60B0EB29C2D70D0070B4E0 /* Release */,
			);
			defaultConfigurationIsVisible = 0;
			defaultConfigurationName = Release;
		};
/* End XCConfigurationList section */

/* Begin XCVersionGroup section */
		AF3DB87829C4431500097A71 /* ProjXDB.xcdatamodeld */ = {
			isa = XCVersionGroup;
			children = (
				AF3DB87929C4431500097A71 /* EnceladusDB.xcdatamodel */,
			);
			currentVersion = AF3DB87929C4431500097A71 /* EnceladusDB.xcdatamodel */;
			path = ProjXDB.xcdatamodeld;
			sourceTree = "<group>";
			versionGroupType = wrapper.xcdatamodel;
		};
/* End XCVersionGroup section */
	};
	rootObject = AF60B0CD29C2D70B0070B4E0 /* Project object */;
}
