// !$*UTF8*$!
{
	archiveVersion = 1;
	classes = {
	};
	objectVersion = 56;
	objects = {

/* Begin PBXBuildFile section */
		AF0374CB29E533DB00CFDC85 /* TaskTitleCell.swift in Sources */ = {isa = PBXBuildFile; fileRef = AF0374CA29E533DB00CFDC85 /* TaskTitleCell.swift */; };
		AF0374CD29E5358600CFDC85 /* TaskDescriptionCell.swift in Sources */ = {isa = PBXBuildFile; fileRef = AF0374CC29E5358600CFDC85 /* TaskDescriptionCell.swift */; };
		AF3DB87029C4288600097A71 /* WelcomePage.swift in Sources */ = {isa = PBXBuildFile; fileRef = AF3DB86F29C4288600097A71 /* WelcomePage.swift */; };
		AF3DB87329C433FD00097A71 /* UIColor+Extension.swift in Sources */ = {isa = PBXBuildFile; fileRef = AF3DB87229C433FD00097A71 /* UIColor+Extension.swift */; };
		AF3DB87A29C4431500097A71 /* ProjXDB.xcdatamodeld in Sources */ = {isa = PBXBuildFile; fileRef = AF3DB87829C4431500097A71 /* ProjXDB.xcdatamodeld */; };
		AF59E0AC29D03AFE00B4AF7C /* Util.swift in Sources */ = {isa = PBXBuildFile; fileRef = AF59E0AB29D03AFE00B4AF7C /* Util.swift */; };
		AF59E0B029D18F9800B4AF7C /* SignupStatus.swift in Sources */ = {isa = PBXBuildFile; fileRef = AF59E0AF29D18F9800B4AF7C /* SignupStatus.swift */; };
		AF59E0B429D1A0F000B4AF7C /* TeamProfileCell.swift in Sources */ = {isa = PBXBuildFile; fileRef = AF59E0B329D1A0F000B4AF7C /* TeamProfileCell.swift */; };
		AF59E0B629D1A0FD00B4AF7C /* TeamOwnerCell.swift in Sources */ = {isa = PBXBuildFile; fileRef = AF59E0B529D1A0FD00B4AF7C /* TeamOwnerCell.swift */; };
		AF59E0BF29D448EC00B4AF7C /* MenuProvider.swift in Sources */ = {isa = PBXBuildFile; fileRef = AF59E0BE29D448EC00B4AF7C /* MenuProvider.swift */; };
		AF59E0C329D5706300B4AF7C /* PROJXImagePicker.swift in Sources */ = {isa = PBXBuildFile; fileRef = AF59E0C229D5706300B4AF7C /* PROJXImagePicker.swift */; };
		AF60B0D929C2D70B0070B4E0 /* AppDelegate.swift in Sources */ = {isa = PBXBuildFile; fileRef = AF60B0D829C2D70B0070B4E0 /* AppDelegate.swift */; };
		AF60B0DB29C2D70B0070B4E0 /* SceneDelegate.swift in Sources */ = {isa = PBXBuildFile; fileRef = AF60B0DA29C2D70B0070B4E0 /* SceneDelegate.swift */; };
		AF60B0E229C2D70D0070B4E0 /* Assets.xcassets in Resources */ = {isa = PBXBuildFile; fileRef = AF60B0E129C2D70D0070B4E0 /* Assets.xcassets */; };
		AF60B0E529C2D70D0070B4E0 /* LaunchScreen.storyboard in Resources */ = {isa = PBXBuildFile; fileRef = AF60B0E329C2D70D0070B4E0 /* LaunchScreen.storyboard */; };
		AF60B0EF29C2D8F50070B4E0 /* GlobalConstants.swift in Sources */ = {isa = PBXBuildFile; fileRef = AF60B0EE29C2D8F50070B4E0 /* GlobalConstants.swift */; };
		AF60B0F229C2EDFF0070B4E0 /* PROJXViewController.swift in Sources */ = {isa = PBXBuildFile; fileRef = AF60B0F129C2EDFF0070B4E0 /* PROJXViewController.swift */; };
		AF60B0F929C2F1F30070B4E0 /* MainTabbar.swift in Sources */ = {isa = PBXBuildFile; fileRef = AF60B0F829C2F1F30070B4E0 /* MainTabbar.swift */; };
		AF60B0FE29C2F3E70070B4E0 /* TasksVC.swift in Sources */ = {isa = PBXBuildFile; fileRef = AF60B0FD29C2F3E70070B4E0 /* TasksVC.swift */; };
		AF60B10029C2F4060070B4E0 /* TeamsVC.swift in Sources */ = {isa = PBXBuildFile; fileRef = AF60B0FF29C2F4060070B4E0 /* TeamsVC.swift */; };
		AF60B10229C2F4100070B4E0 /* UpdatesVC.swift in Sources */ = {isa = PBXBuildFile; fileRef = AF60B10129C2F4100070B4E0 /* UpdatesVC.swift */; };
		AF60B10429C2F41F0070B4E0 /* ProfileVC.swift in Sources */ = {isa = PBXBuildFile; fileRef = AF60B10329C2F41F0070B4E0 /* ProfileVC.swift */; };
		AF869CE829CDA7BE00E0A2AE /* CreateEditTeamVC.swift in Sources */ = {isa = PBXBuildFile; fileRef = AF869CE729CDA7BE00E0A2AE /* CreateEditTeamVC.swift */; };
		AF869CEA29CDA7ED00E0A2AE /* JoinTeamVC.swift in Sources */ = {isa = PBXBuildFile; fileRef = AF869CE929CDA7ED00E0A2AE /* JoinTeamVC.swift */; };
		AF869CEC29CDC9AB00E0A2AE /* TeamDelegates.swift in Sources */ = {isa = PBXBuildFile; fileRef = AF869CEB29CDC9AB00E0A2AE /* TeamDelegates.swift */; };
		AF94034129C86590001FAA7A /* PROJXTableViewController.swift in Sources */ = {isa = PBXBuildFile; fileRef = AF94034029C86590001FAA7A /* PROJXTableViewController.swift */; };
		AF94036D29C877E1001FAA7A /* DataManager.swift in Sources */ = {isa = PBXBuildFile; fileRef = AF94036C29C877E1001FAA7A /* DataManager.swift */; };
		AF94037D29C8B606001FAA7A /* BaseLoginViewTableView.swift in Sources */ = {isa = PBXBuildFile; fileRef = AF94037C29C8B606001FAA7A /* BaseLoginViewTableView.swift */; };
		AF94037F29C9711B001FAA7A /* DataConfiguration.swift in Sources */ = {isa = PBXBuildFile; fileRef = AF94037E29C9711B001FAA7A /* DataConfiguration.swift */; };
		AF94038629C98F43001FAA7A /* User+CoreDataClass.swift in Sources */ = {isa = PBXBuildFile; fileRef = AF94038429C98F43001FAA7A /* User+CoreDataClass.swift */; };
		AF94038729C98F43001FAA7A /* User+CoreDataProperties.swift in Sources */ = {isa = PBXBuildFile; fileRef = AF94038529C98F43001FAA7A /* User+CoreDataProperties.swift */; };
		AF94039229C995A9001FAA7A /* Team+CoreDataClass.swift in Sources */ = {isa = PBXBuildFile; fileRef = AF94039029C995A9001FAA7A /* Team+CoreDataClass.swift */; };
		AF94039329C995A9001FAA7A /* Team+CoreDataProperties.swift in Sources */ = {isa = PBXBuildFile; fileRef = AF94039129C995A9001FAA7A /* Team+CoreDataProperties.swift */; };
		AF94039629C9ABF8001FAA7A /* PROJXCollectionViewController.swift in Sources */ = {isa = PBXBuildFile; fileRef = AF94039529C9ABF8001FAA7A /* PROJXCollectionViewController.swift */; };
		AF94039929C9B00C001FAA7A /* HomeCollectionViewTaskCell.swift in Sources */ = {isa = PBXBuildFile; fileRef = AF94039829C9B00C001FAA7A /* HomeCollectionViewTaskCell.swift */; };
		AF9403CE29CA12E2001FAA7A /* Date+Extension.swift in Sources */ = {isa = PBXBuildFile; fileRef = AF9403CD29CA12E2001FAA7A /* Date+Extension.swift */; };
		AF9403D029CA9BCF001FAA7A /* HomeCollectionViewHeaderView.swift in Sources */ = {isa = PBXBuildFile; fileRef = AF9403CF29CA9BCF001FAA7A /* HomeCollectionViewHeaderView.swift */; };
		AF9403D229CAB1FA001FAA7A /* SessionManager.swift in Sources */ = {isa = PBXBuildFile; fileRef = AF9403D129CAB1FA001FAA7A /* SessionManager.swift */; };
		AF9403D429CAE5CA001FAA7A /* HomeCollectionViewEmptyPlaceholderCell.swift in Sources */ = {isa = PBXBuildFile; fileRef = AF9403D329CAE5CA001FAA7A /* HomeCollectionViewEmptyPlaceholderCell.swift */; };
		AF9403D629CAE71A001FAA7A /* UserRole.swift in Sources */ = {isa = PBXBuildFile; fileRef = AF9403D529CAE71A001FAA7A /* UserRole.swift */; };
		AF9403DE29CC1041001FAA7A /* TeamInfoVC.swift in Sources */ = {isa = PBXBuildFile; fileRef = AF9403DD29CC1041001FAA7A /* TeamInfoVC.swift */; };
		AF9403E029CC124F001FAA7A /* TaskStatus.swift in Sources */ = {isa = PBXBuildFile; fileRef = AF9403DF29CC124F001FAA7A /* TaskStatus.swift */; };
		AF9AB1C029C82C0500246A39 /* StatusUpdate.swift in Sources */ = {isa = PBXBuildFile; fileRef = AF9AB1BF29C82C0500246A39 /* StatusUpdate.swift */; };
		AFC9998729F68DAA004EAD7F /* AccentColorSelectionCell.swift in Sources */ = {isa = PBXBuildFile; fileRef = AFC9998629F68DAA004EAD7F /* AccentColorSelectionCell.swift */; };
		AFDAB29729F15A4400CE9BD9 /* ProfileCell.swift in Sources */ = {isa = PBXBuildFile; fileRef = AFDAB29629F15A4400CE9BD9 /* ProfileCell.swift */; };
		AFDAB29929F2365D00CE9BD9 /* ProfileButtonCell.swift in Sources */ = {isa = PBXBuildFile; fileRef = AFDAB29829F2365D00CE9BD9 /* ProfileButtonCell.swift */; };
		AFE258D329C496580017ADFB /* SignupVC.swift in Sources */ = {isa = PBXBuildFile; fileRef = AFE258D229C496580017ADFB /* SignupVC.swift */; };
		AFE258D529C49CF00017ADFB /* SigninVC.swift in Sources */ = {isa = PBXBuildFile; fileRef = AFE258D429C49CF00017ADFB /* SigninVC.swift */; };
		AFE258D729C49DA30017ADFB /* LoginDelegates.swift in Sources */ = {isa = PBXBuildFile; fileRef = AFE258D629C49DA30017ADFB /* LoginDelegates.swift */; };
		AFE258DC29C6EC320017ADFB /* UITextField+Extension.swift in Sources */ = {isa = PBXBuildFile; fileRef = AFE258DB29C6EC320017ADFB /* UITextField+Extension.swift */; };
		AFE258E129C818860017ADFB /* PROJXLabel.swift in Sources */ = {isa = PBXBuildFile; fileRef = AFE258E029C818860017ADFB /* PROJXLabel.swift */; };
		AFE258E429C81B1D0017ADFB /* InputValidator.swift in Sources */ = {isa = PBXBuildFile; fileRef = AFE258E329C81B1D0017ADFB /* InputValidator.swift */; };
		AFFA872929ED1353007E1179 /* TeamMemberSelector.swift in Sources */ = {isa = PBXBuildFile; fileRef = AFFA872829ED1353007E1179 /* TeamMemberSelector.swift */; };
		AFFA872D29ED4A92007E1179 /* TaskPriority.swift in Sources */ = {isa = PBXBuildFile; fileRef = AFFA872C29ED4A92007E1179 /* TaskPriority.swift */; };
		AFFA872F29ED545B007E1179 /* TaskDelegates.swift in Sources */ = {isa = PBXBuildFile; fileRef = AFFA872E29ED545B007E1179 /* TaskDelegates.swift */; };
		AFFA873129F106FC007E1179 /* PriorityPickerVC.swift in Sources */ = {isa = PBXBuildFile; fileRef = AFFA873029F106FC007E1179 /* PriorityPickerVC.swift */; };
		AFFA873329F12BD2007E1179 /* DescriptionViewVC.swift in Sources */ = {isa = PBXBuildFile; fileRef = AFFA873229F12BD2007E1179 /* DescriptionViewVC.swift */; };
		AFFC941829DEE85200D32AC4 /* TaskItem+CoreDataClass.swift in Sources */ = {isa = PBXBuildFile; fileRef = AFFC941629DEE85200D32AC4 /* TaskItem+CoreDataClass.swift */; };
		AFFC941929DEE85200D32AC4 /* TaskItem+CoreDataProperties.swift in Sources */ = {isa = PBXBuildFile; fileRef = AFFC941729DEE85200D32AC4 /* TaskItem+CoreDataProperties.swift */; };
		AFFC941D29DFD68600D32AC4 /* AddTaskVC.swift in Sources */ = {isa = PBXBuildFile; fileRef = AFFC941C29DFD68600D32AC4 /* AddTaskVC.swift */; };
		AFFC941F29DFD6F200D32AC4 /* AddTaskTableViewCell.swift in Sources */ = {isa = PBXBuildFile; fileRef = AFFC941E29DFD6F200D32AC4 /* AddTaskTableViewCell.swift */; };
		AFFC942129E029CB00D32AC4 /* TasksTableViewCell.swift in Sources */ = {isa = PBXBuildFile; fileRef = AFFC942029E029CB00D32AC4 /* TasksTableViewCell.swift */; };
		AFFC942329E529E900D32AC4 /* ViewTaskVC.swift in Sources */ = {isa = PBXBuildFile; fileRef = AFFC942229E529E900D32AC4 /* ViewTaskVC.swift */; };
		AFFC942529E52F2000D32AC4 /* MarqueeLabel.swift in Sources */ = {isa = PBXBuildFile; fileRef = AFFC942429E52F2000D32AC4 /* MarqueeLabel.swift */; };
		AFFE538529D6DB3F004668E8 /* PROJXImageTextCell.swift in Sources */ = {isa = PBXBuildFile; fileRef = AFFE538429D6DB3F004668E8 /* PROJXImageTextCell.swift */; };
		AFFE538C29DE94E1004668E8 /* NotificationUpdate.swift in Sources */ = {isa = PBXBuildFile; fileRef = AFFE538B29DE94E1004668E8 /* NotificationUpdate.swift */; };
/* End PBXBuildFile section */

/* Begin PBXFileReference section */
		AF0374CA29E533DB00CFDC85 /* TaskTitleCell.swift */ = {isa = PBXFileReference; lastKnownFileType = sourcecode.swift; path = TaskTitleCell.swift; sourceTree = "<group>"; };
		AF0374CC29E5358600CFDC85 /* TaskDescriptionCell.swift */ = {isa = PBXFileReference; lastKnownFileType = sourcecode.swift; path = TaskDescriptionCell.swift; sourceTree = "<group>"; };
		AF3DB86F29C4288600097A71 /* WelcomePage.swift */ = {isa = PBXFileReference; lastKnownFileType = sourcecode.swift; path = WelcomePage.swift; sourceTree = "<group>"; };
		AF3DB87229C433FD00097A71 /* UIColor+Extension.swift */ = {isa = PBXFileReference; lastKnownFileType = sourcecode.swift; path = "UIColor+Extension.swift"; sourceTree = "<group>"; };
		AF3DB87929C4431500097A71 /* EnceladusDB.xcdatamodel */ = {isa = PBXFileReference; lastKnownFileType = wrapper.xcdatamodel; path = EnceladusDB.xcdatamodel; sourceTree = "<group>"; };
		AF59E0AB29D03AFE00B4AF7C /* Util.swift */ = {isa = PBXFileReference; lastKnownFileType = sourcecode.swift; path = Util.swift; sourceTree = "<group>"; };
		AF59E0AF29D18F9800B4AF7C /* SignupStatus.swift */ = {isa = PBXFileReference; lastKnownFileType = sourcecode.swift; path = SignupStatus.swift; sourceTree = "<group>"; };
		AF59E0B329D1A0F000B4AF7C /* TeamProfileCell.swift */ = {isa = PBXFileReference; lastKnownFileType = sourcecode.swift; path = TeamProfileCell.swift; sourceTree = "<group>"; };
		AF59E0B529D1A0FD00B4AF7C /* TeamOwnerCell.swift */ = {isa = PBXFileReference; lastKnownFileType = sourcecode.swift; path = TeamOwnerCell.swift; sourceTree = "<group>"; };
		AF59E0BE29D448EC00B4AF7C /* MenuProvider.swift */ = {isa = PBXFileReference; lastKnownFileType = sourcecode.swift; path = MenuProvider.swift; sourceTree = "<group>"; };
		AF59E0C229D5706300B4AF7C /* PROJXImagePicker.swift */ = {isa = PBXFileReference; lastKnownFileType = sourcecode.swift; path = PROJXImagePicker.swift; sourceTree = "<group>"; };
		AF60B0D829C2D70B0070B4E0 /* AppDelegate.swift */ = {isa = PBXFileReference; lastKnownFileType = sourcecode.swift; path = AppDelegate.swift; sourceTree = "<group>"; };
		AF60B0DA29C2D70B0070B4E0 /* SceneDelegate.swift */ = {isa = PBXFileReference; lastKnownFileType = sourcecode.swift; path = SceneDelegate.swift; sourceTree = "<group>"; };
		AF60B0E129C2D70D0070B4E0 /* Assets.xcassets */ = {isa = PBXFileReference; lastKnownFileType = folder.assetcatalog; path = Assets.xcassets; sourceTree = "<group>"; };
		AF60B0E429C2D70D0070B4E0 /* Base */ = {isa = PBXFileReference; lastKnownFileType = file.storyboard; name = Base; path = Base.lproj/LaunchScreen.storyboard; sourceTree = "<group>"; };
		AF60B0E629C2D70D0070B4E0 /* Info.plist */ = {isa = PBXFileReference; lastKnownFileType = text.plist.xml; path = Info.plist; sourceTree = "<group>"; };
		AF60B0EE29C2D8F50070B4E0 /* GlobalConstants.swift */ = {isa = PBXFileReference; lastKnownFileType = sourcecode.swift; path = GlobalConstants.swift; sourceTree = "<group>"; };
		AF60B0F129C2EDFF0070B4E0 /* PROJXViewController.swift */ = {isa = PBXFileReference; lastKnownFileType = sourcecode.swift; path = PROJXViewController.swift; sourceTree = "<group>"; };
		AF60B0F829C2F1F30070B4E0 /* MainTabbar.swift */ = {isa = PBXFileReference; lastKnownFileType = sourcecode.swift; path = MainTabbar.swift; sourceTree = "<group>"; };
		AF60B0FD29C2F3E70070B4E0 /* TasksVC.swift */ = {isa = PBXFileReference; lastKnownFileType = sourcecode.swift; path = TasksVC.swift; sourceTree = "<group>"; };
		AF60B0FF29C2F4060070B4E0 /* TeamsVC.swift */ = {isa = PBXFileReference; lastKnownFileType = sourcecode.swift; path = TeamsVC.swift; sourceTree = "<group>"; };
		AF60B10129C2F4100070B4E0 /* UpdatesVC.swift */ = {isa = PBXFileReference; lastKnownFileType = sourcecode.swift; path = UpdatesVC.swift; sourceTree = "<group>"; };
		AF60B10329C2F41F0070B4E0 /* ProfileVC.swift */ = {isa = PBXFileReference; lastKnownFileType = sourcecode.swift; path = ProfileVC.swift; sourceTree = "<group>"; };
		AF869CE729CDA7BE00E0A2AE /* CreateEditTeamVC.swift */ = {isa = PBXFileReference; lastKnownFileType = sourcecode.swift; path = CreateEditTeamVC.swift; sourceTree = "<group>"; };
		AF869CE929CDA7ED00E0A2AE /* JoinTeamVC.swift */ = {isa = PBXFileReference; lastKnownFileType = sourcecode.swift; path = JoinTeamVC.swift; sourceTree = "<group>"; };
		AF869CEB29CDC9AB00E0A2AE /* TeamDelegates.swift */ = {isa = PBXFileReference; lastKnownFileType = sourcecode.swift; path = TeamDelegates.swift; sourceTree = "<group>"; };
		AF94034029C86590001FAA7A /* PROJXTableViewController.swift */ = {isa = PBXFileReference; lastKnownFileType = sourcecode.swift; path = PROJXTableViewController.swift; sourceTree = "<group>"; };
		AF94036C29C877E1001FAA7A /* DataManager.swift */ = {isa = PBXFileReference; lastKnownFileType = sourcecode.swift; path = DataManager.swift; sourceTree = "<group>"; };
		AF94037C29C8B606001FAA7A /* BaseLoginViewTableView.swift */ = {isa = PBXFileReference; lastKnownFileType = sourcecode.swift; path = BaseLoginViewTableView.swift; sourceTree = "<group>"; };
		AF94037E29C9711B001FAA7A /* DataConfiguration.swift */ = {isa = PBXFileReference; lastKnownFileType = sourcecode.swift; path = DataConfiguration.swift; sourceTree = "<group>"; };
		AF94038429C98F43001FAA7A /* User+CoreDataClass.swift */ = {isa = PBXFileReference; lastKnownFileType = sourcecode.swift; path = "User+CoreDataClass.swift"; sourceTree = "<group>"; };
		AF94038529C98F43001FAA7A /* User+CoreDataProperties.swift */ = {isa = PBXFileReference; lastKnownFileType = sourcecode.swift; path = "User+CoreDataProperties.swift"; sourceTree = "<group>"; };
		AF94039029C995A9001FAA7A /* Team+CoreDataClass.swift */ = {isa = PBXFileReference; lastKnownFileType = sourcecode.swift; path = "Team+CoreDataClass.swift"; sourceTree = "<group>"; };
		AF94039129C995A9001FAA7A /* Team+CoreDataProperties.swift */ = {isa = PBXFileReference; lastKnownFileType = sourcecode.swift; path = "Team+CoreDataProperties.swift"; sourceTree = "<group>"; };
		AF94039529C9ABF8001FAA7A /* PROJXCollectionViewController.swift */ = {isa = PBXFileReference; lastKnownFileType = sourcecode.swift; path = PROJXCollectionViewController.swift; sourceTree = "<group>"; };
		AF94039829C9B00C001FAA7A /* HomeCollectionViewTaskCell.swift */ = {isa = PBXFileReference; lastKnownFileType = sourcecode.swift; path = HomeCollectionViewTaskCell.swift; sourceTree = "<group>"; };
		AF9403CD29CA12E2001FAA7A /* Date+Extension.swift */ = {isa = PBXFileReference; lastKnownFileType = sourcecode.swift; path = "Date+Extension.swift"; sourceTree = "<group>"; };
		AF9403CF29CA9BCF001FAA7A /* HomeCollectionViewHeaderView.swift */ = {isa = PBXFileReference; lastKnownFileType = sourcecode.swift; path = HomeCollectionViewHeaderView.swift; sourceTree = "<group>"; };
		AF9403D129CAB1FA001FAA7A /* SessionManager.swift */ = {isa = PBXFileReference; lastKnownFileType = sourcecode.swift; path = SessionManager.swift; sourceTree = "<group>"; };
		AF9403D329CAE5CA001FAA7A /* HomeCollectionViewEmptyPlaceholderCell.swift */ = {isa = PBXFileReference; lastKnownFileType = sourcecode.swift; path = HomeCollectionViewEmptyPlaceholderCell.swift; sourceTree = "<group>"; };
		AF9403D529CAE71A001FAA7A /* UserRole.swift */ = {isa = PBXFileReference; lastKnownFileType = sourcecode.swift; path = UserRole.swift; sourceTree = "<group>"; };
		AF9403DD29CC1041001FAA7A /* TeamInfoVC.swift */ = {isa = PBXFileReference; lastKnownFileType = sourcecode.swift; path = TeamInfoVC.swift; sourceTree = "<group>"; };
		AF9403DF29CC124F001FAA7A /* TaskStatus.swift */ = {isa = PBXFileReference; lastKnownFileType = sourcecode.swift; path = TaskStatus.swift; sourceTree = "<group>"; };
		AF9AB1BF29C82C0500246A39 /* StatusUpdate.swift */ = {isa = PBXFileReference; lastKnownFileType = sourcecode.swift; path = StatusUpdate.swift; sourceTree = "<group>"; };
		AFC9998629F68DAA004EAD7F /* AccentColorSelectionCell.swift */ = {isa = PBXFileReference; lastKnownFileType = sourcecode.swift; path = AccentColorSelectionCell.swift; sourceTree = "<group>"; };
		AFDAB29629F15A4400CE9BD9 /* ProfileCell.swift */ = {isa = PBXFileReference; lastKnownFileType = sourcecode.swift; path = ProfileCell.swift; sourceTree = "<group>"; };
		AFDAB29829F2365D00CE9BD9 /* ProfileButtonCell.swift */ = {isa = PBXFileReference; lastKnownFileType = sourcecode.swift; path = ProfileButtonCell.swift; sourceTree = "<group>"; };
		AFE258D229C496580017ADFB /* SignupVC.swift */ = {isa = PBXFileReference; lastKnownFileType = sourcecode.swift; path = SignupVC.swift; sourceTree = "<group>"; };
		AFE258D429C49CF00017ADFB /* SigninVC.swift */ = {isa = PBXFileReference; lastKnownFileType = sourcecode.swift; path = SigninVC.swift; sourceTree = "<group>"; };
		AFE258D629C49DA30017ADFB /* LoginDelegates.swift */ = {isa = PBXFileReference; lastKnownFileType = sourcecode.swift; path = LoginDelegates.swift; sourceTree = "<group>"; };
		AFE258DB29C6EC320017ADFB /* UITextField+Extension.swift */ = {isa = PBXFileReference; lastKnownFileType = sourcecode.swift; path = "UITextField+Extension.swift"; sourceTree = "<group>"; };
		AFE258E029C818860017ADFB /* PROJXLabel.swift */ = {isa = PBXFileReference; lastKnownFileType = sourcecode.swift; path = PROJXLabel.swift; sourceTree = "<group>"; };
		AFE258E329C81B1D0017ADFB /* InputValidator.swift */ = {isa = PBXFileReference; lastKnownFileType = sourcecode.swift; path = InputValidator.swift; sourceTree = "<group>"; };
		AFF520B929CDFDAC001450F5 /* ProjX.app */ = {isa = PBXFileReference; explicitFileType = wrapper.application; includeInIndex = 0; path = ProjX.app; sourceTree = BUILT_PRODUCTS_DIR; };
		AFFA872829ED1353007E1179 /* TeamMemberSelector.swift */ = {isa = PBXFileReference; lastKnownFileType = sourcecode.swift; path = TeamMemberSelector.swift; sourceTree = "<group>"; };
		AFFA872C29ED4A92007E1179 /* TaskPriority.swift */ = {isa = PBXFileReference; lastKnownFileType = sourcecode.swift; path = TaskPriority.swift; sourceTree = "<group>"; };
		AFFA872E29ED545B007E1179 /* TaskDelegates.swift */ = {isa = PBXFileReference; lastKnownFileType = sourcecode.swift; path = TaskDelegates.swift; sourceTree = "<group>"; };
		AFFA873029F106FC007E1179 /* PriorityPickerVC.swift */ = {isa = PBXFileReference; lastKnownFileType = sourcecode.swift; path = PriorityPickerVC.swift; sourceTree = "<group>"; };
		AFFA873229F12BD2007E1179 /* DescriptionViewVC.swift */ = {isa = PBXFileReference; lastKnownFileType = sourcecode.swift; path = DescriptionViewVC.swift; sourceTree = "<group>"; };
		AFFC941629DEE85200D32AC4 /* TaskItem+CoreDataClass.swift */ = {isa = PBXFileReference; lastKnownFileType = sourcecode.swift; path = "TaskItem+CoreDataClass.swift"; sourceTree = "<group>"; };
		AFFC941729DEE85200D32AC4 /* TaskItem+CoreDataProperties.swift */ = {isa = PBXFileReference; lastKnownFileType = sourcecode.swift; path = "TaskItem+CoreDataProperties.swift"; sourceTree = "<group>"; };
		AFFC941C29DFD68600D32AC4 /* AddTaskVC.swift */ = {isa = PBXFileReference; lastKnownFileType = sourcecode.swift; path = AddTaskVC.swift; sourceTree = "<group>"; };
		AFFC941E29DFD6F200D32AC4 /* AddTaskTableViewCell.swift */ = {isa = PBXFileReference; lastKnownFileType = sourcecode.swift; path = AddTaskTableViewCell.swift; sourceTree = "<group>"; };
		AFFC942029E029CB00D32AC4 /* TasksTableViewCell.swift */ = {isa = PBXFileReference; lastKnownFileType = sourcecode.swift; path = TasksTableViewCell.swift; sourceTree = "<group>"; };
		AFFC942229E529E900D32AC4 /* ViewTaskVC.swift */ = {isa = PBXFileReference; lastKnownFileType = sourcecode.swift; path = ViewTaskVC.swift; sourceTree = "<group>"; };
		AFFC942429E52F2000D32AC4 /* MarqueeLabel.swift */ = {isa = PBXFileReference; lastKnownFileType = sourcecode.swift; path = MarqueeLabel.swift; sourceTree = "<group>"; };
		AFFE538429D6DB3F004668E8 /* PROJXImageTextCell.swift */ = {isa = PBXFileReference; lastKnownFileType = sourcecode.swift; path = PROJXImageTextCell.swift; sourceTree = "<group>"; };
		AFFE538B29DE94E1004668E8 /* NotificationUpdate.swift */ = {isa = PBXFileReference; lastKnownFileType = sourcecode.swift; path = NotificationUpdate.swift; sourceTree = "<group>"; };
/* End PBXFileReference section */

/* Begin PBXFrameworksBuildPhase section */
		AF60B0D229C2D70B0070B4E0 /* Frameworks */ = {
			isa = PBXFrameworksBuildPhase;
			buildActionMask = 2147483647;
			files = (
			);
			runOnlyForDeploymentPostprocessing = 0;
		};
/* End PBXFrameworksBuildPhase section */

/* Begin PBXGroup section */
		AF3DB85A29C317D500097A71 /* View */ = {
			isa = PBXGroup;
			children = (
				AFDAB29529F15A1800CE9BD9 /* Profile */,
				AFFC941A29DFD48800D32AC4 /* Tasks */,
				AF9403E529CC1830001FAA7A /* TeamInfo */,
				AF94039729C9AFEF001FAA7A /* Root */,
			);
			path = View;
			sourceTree = "<group>";
		};
		AF3DB86829C346E400097A71 /* Login */ = {
			isa = PBXGroup;
			children = (
				AF3DB86F29C4288600097A71 /* WelcomePage.swift */,
				AF94037C29C8B606001FAA7A /* BaseLoginViewTableView.swift */,
				AFE258D229C496580017ADFB /* SignupVC.swift */,
				AFE258D429C49CF00017ADFB /* SigninVC.swift */,
			);
			path = Login;
			sourceTree = "<group>";
		};
		AF3DB87129C433E900097A71 /* Extensions */ = {
			isa = PBXGroup;
			children = (
				AF3DB87229C433FD00097A71 /* UIColor+Extension.swift */,
				AFE258DB29C6EC320017ADFB /* UITextField+Extension.swift */,
				AF9403CD29CA12E2001FAA7A /* Date+Extension.swift */,
			);
			path = Extensions;
			sourceTree = "<group>";
		};
		AF3DB87429C4422300097A71 /* Session */ = {
			isa = PBXGroup;
			children = (
				AF9403D129CAB1FA001FAA7A /* SessionManager.swift */,
			);
			path = Session;
			sourceTree = "<group>";
		};
		AF3DB87729C442FD00097A71 /* CoreData */ = {
			isa = PBXGroup;
			children = (
				AF3DB87829C4431500097A71 /* ProjXDB.xcdatamodeld */,
				AF94036C29C877E1001FAA7A /* DataManager.swift */,
				AF59E0AF29D18F9800B4AF7C /* SignupStatus.swift */,
			);
			path = CoreData;
			sourceTree = "<group>";
		};
		AF59E0BB29D2A45500B4AF7C /* Delegates */ = {
			isa = PBXGroup;
			children = (
				AF869CEB29CDC9AB00E0A2AE /* TeamDelegates.swift */,
				AFE258D629C49DA30017ADFB /* LoginDelegates.swift */,
				AFFA872E29ED545B007E1179 /* TaskDelegates.swift */,
			);
			path = Delegates;
			sourceTree = "<group>";
		};
		AF60B0CC29C2D70B0070B4E0 = {
			isa = PBXGroup;
			children = (
				AF60B0D729C2D70B0070B4E0 /* ProjX */,
				AFF520B929CDFDAC001450F5 /* ProjX.app */,
			);
			sourceTree = "<group>";
		};
		AF60B0D729C2D70B0070B4E0 /* ProjX */ = {
			isa = PBXGroup;
			children = (
				AF59E0BB29D2A45500B4AF7C /* Delegates */,
				AF3DB87729C442FD00097A71 /* CoreData */,
				AF3DB87429C4422300097A71 /* Session */,
				AF3DB87129C433E900097A71 /* Extensions */,
				AF60B0F629C2F0E50070B4E0 /* Model */,
				AF60B0F729C2F1070070B4E0 /* Controller */,
				AF3DB85A29C317D500097A71 /* View */,
				AF60B0F029C2ED730070B4E0 /* CustomViews+Controllers */,
				AF60B0ED29C2D8470070B4E0 /* Helper+Config */,
				AF60B0EC29C2D7CB0070B4E0 /* Structure */,
				AF94037E29C9711B001FAA7A /* DataConfiguration.swift */,
			);
			path = ProjX;
			sourceTree = "<group>";
		};
		AF60B0EC29C2D7CB0070B4E0 /* Structure */ = {
			isa = PBXGroup;
			children = (
				AF60B0D829C2D70B0070B4E0 /* AppDelegate.swift */,
				AF60B0DA29C2D70B0070B4E0 /* SceneDelegate.swift */,
				AF60B0E629C2D70D0070B4E0 /* Info.plist */,
				AF60B0E129C2D70D0070B4E0 /* Assets.xcassets */,
				AF60B0E329C2D70D0070B4E0 /* LaunchScreen.storyboard */,
			);
			path = Structure;
			sourceTree = "<group>";
		};
		AF60B0ED29C2D8470070B4E0 /* Helper+Config */ = {
			isa = PBXGroup;
			children = (
				AFE258E329C81B1D0017ADFB /* InputValidator.swift */,
				AF59E0AB29D03AFE00B4AF7C /* Util.swift */,
				AF60B0EE29C2D8F50070B4E0 /* GlobalConstants.swift */,
				AF59E0BE29D448EC00B4AF7C /* MenuProvider.swift */,
				AF59E0C229D5706300B4AF7C /* PROJXImagePicker.swift */,
			);
			path = "Helper+Config";
			sourceTree = "<group>";
		};
		AF60B0F029C2ED730070B4E0 /* CustomViews+Controllers */ = {
			isa = PBXGroup;
			children = (
				AF60B0F129C2EDFF0070B4E0 /* PROJXViewController.swift */,
				AF94034029C86590001FAA7A /* PROJXTableViewController.swift */,
				AFE258E029C818860017ADFB /* PROJXLabel.swift */,
				AF94039529C9ABF8001FAA7A /* PROJXCollectionViewController.swift */,
				AFFE538429D6DB3F004668E8 /* PROJXImageTextCell.swift */,
				AFFC942429E52F2000D32AC4 /* MarqueeLabel.swift */,
			);
			path = "CustomViews+Controllers";
			sourceTree = "<group>";
		};
		AF60B0F629C2F0E50070B4E0 /* Model */ = {
			isa = PBXGroup;
			children = (
				AFFC941629DEE85200D32AC4 /* TaskItem+CoreDataClass.swift */,
				AFFC941729DEE85200D32AC4 /* TaskItem+CoreDataProperties.swift */,
				AF94039029C995A9001FAA7A /* Team+CoreDataClass.swift */,
				AF94039129C995A9001FAA7A /* Team+CoreDataProperties.swift */,
				AF94038429C98F43001FAA7A /* User+CoreDataClass.swift */,
				AF94038529C98F43001FAA7A /* User+CoreDataProperties.swift */,
				AF9AB1BF29C82C0500246A39 /* StatusUpdate.swift */,
				AF9403D529CAE71A001FAA7A /* UserRole.swift */,
				AF9403DF29CC124F001FAA7A /* TaskStatus.swift */,
				AFFA872C29ED4A92007E1179 /* TaskPriority.swift */,
				AFFE538B29DE94E1004668E8 /* NotificationUpdate.swift */,
			);
			path = Model;
			sourceTree = "<group>";
		};
		AF60B0F729C2F1070070B4E0 /* Controller */ = {
			isa = PBXGroup;
			children = (
				AFFC941B29DFD63000D32AC4 /* Tasks */,
				AF9403DC29CC1017001FAA7A /* Teams */,
				AF3DB86829C346E400097A71 /* Login */,
				AF60B0FA29C2F3A20070B4E0 /* Root */,
			);
			path = Controller;
			sourceTree = "<group>";
		};
		AF60B0FA29C2F3A20070B4E0 /* Root */ = {
			isa = PBXGroup;
			children = (
				AF60B0FD29C2F3E70070B4E0 /* TasksVC.swift */,
				AF60B0FF29C2F4060070B4E0 /* TeamsVC.swift */,
				AF60B10129C2F4100070B4E0 /* UpdatesVC.swift */,
				AF60B10329C2F41F0070B4E0 /* ProfileVC.swift */,
				AF60B0F829C2F1F30070B4E0 /* MainTabbar.swift */,
			);
			path = Root;
			sourceTree = "<group>";
		};
		AF94039729C9AFEF001FAA7A /* Root */ = {
			isa = PBXGroup;
			children = (
				AF94039829C9B00C001FAA7A /* HomeCollectionViewTaskCell.swift */,
				AF9403D329CAE5CA001FAA7A /* HomeCollectionViewEmptyPlaceholderCell.swift */,
				AF9403CF29CA9BCF001FAA7A /* HomeCollectionViewHeaderView.swift */,
			);
			path = Root;
			sourceTree = "<group>";
		};
		AF9403DC29CC1017001FAA7A /* Teams */ = {
			isa = PBXGroup;
			children = (
				AF9403DD29CC1041001FAA7A /* TeamInfoVC.swift */,
				AF869CE729CDA7BE00E0A2AE /* CreateEditTeamVC.swift */,
				AF869CE929CDA7ED00E0A2AE /* JoinTeamVC.swift */,
			);
			path = Teams;
			sourceTree = "<group>";
		};
		AF9403E529CC1830001FAA7A /* TeamInfo */ = {
			isa = PBXGroup;
			children = (
				AF59E0B329D1A0F000B4AF7C /* TeamProfileCell.swift */,
				AF59E0B529D1A0FD00B4AF7C /* TeamOwnerCell.swift */,
			);
			path = TeamInfo;
			sourceTree = "<group>";
		};
		AFDAB29529F15A1800CE9BD9 /* Profile */ = {
			isa = PBXGroup;
			children = (
				AFDAB29629F15A4400CE9BD9 /* ProfileCell.swift */,
				AFDAB29829F2365D00CE9BD9 /* ProfileButtonCell.swift */,
				AFC9998629F68DAA004EAD7F /* AccentColorSelectionCell.swift */,
			);
			path = Profile;
			sourceTree = "<group>";
		};
		AFFC941A29DFD48800D32AC4 /* Tasks */ = {
			isa = PBXGroup;
			children = (
				AFFC941E29DFD6F200D32AC4 /* AddTaskTableViewCell.swift */,
				AFFC942029E029CB00D32AC4 /* TasksTableViewCell.swift */,
				AF0374CA29E533DB00CFDC85 /* TaskTitleCell.swift */,
				AF0374CC29E5358600CFDC85 /* TaskDescriptionCell.swift */,
			);
			path = Tasks;
			sourceTree = "<group>";
		};
		AFFC941B29DFD63000D32AC4 /* Tasks */ = {
			isa = PBXGroup;
			children = (
				AFFC941C29DFD68600D32AC4 /* AddTaskVC.swift */,
				AFFC942229E529E900D32AC4 /* ViewTaskVC.swift */,
				AFFA872829ED1353007E1179 /* TeamMemberSelector.swift */,
				AFFA873029F106FC007E1179 /* PriorityPickerVC.swift */,
				AFFA873229F12BD2007E1179 /* DescriptionViewVC.swift */,
			);
			path = Tasks;
			sourceTree = "<group>";
		};
/* End PBXGroup section */

/* Begin PBXNativeTarget section */
		AF60B0D429C2D70B0070B4E0 /* ProjX */ = {
			isa = PBXNativeTarget;
			buildConfigurationList = AF60B0E929C2D70D0070B4E0 /* Build configuration list for PBXNativeTarget "ProjX" */;
			buildPhases = (
				AF60B0D129C2D70B0070B4E0 /* Sources */,
				AF60B0D229C2D70B0070B4E0 /* Frameworks */,
				AF60B0D329C2D70B0070B4E0 /* Resources */,
			);
			buildRules = (
			);
			dependencies = (
			);
			name = ProjX;
			productName = Enceladus;
			productReference = AFF520B929CDFDAC001450F5 /* ProjX.app */;
			productType = "com.apple.product-type.application";
		};
/* End PBXNativeTarget section */

/* Begin PBXProject section */
		AF60B0CD29C2D70B0070B4E0 /* Project object */ = {
			isa = PBXProject;
			attributes = {
				BuildIndependentTargetsInParallel = 1;
				LastSwiftUpdateCheck = 1420;
				LastUpgradeCheck = 1420;
				TargetAttributes = {
					AF60B0D429C2D70B0070B4E0 = {
						CreatedOnToolsVersion = 14.2;
					};
				};
			};
			buildConfigurationList = AF60B0D029C2D70B0070B4E0 /* Build configuration list for PBXProject "ProjX" */;
			compatibilityVersion = "Xcode 14.0";
			developmentRegion = en;
			hasScannedForEncodings = 0;
			knownRegions = (
				en,
				Base,
			);
			mainGroup = AF60B0CC29C2D70B0070B4E0;
			productRefGroup = AF60B0CC29C2D70B0070B4E0;
			projectDirPath = "";
			projectRoot = "";
			targets = (
				AF60B0D429C2D70B0070B4E0 /* ProjX */,
			);
		};
/* End PBXProject section */

/* Begin PBXResourcesBuildPhase section */
		AF60B0D329C2D70B0070B4E0 /* Resources */ = {
			isa = PBXResourcesBuildPhase;
			buildActionMask = 2147483647;
			files = (
				AF60B0E529C2D70D0070B4E0 /* LaunchScreen.storyboard in Resources */,
				AF60B0E229C2D70D0070B4E0 /* Assets.xcassets in Resources */,
			);
			runOnlyForDeploymentPostprocessing = 0;
		};
/* End PBXResourcesBuildPhase section */

/* Begin PBXSourcesBuildPhase section */
		AF60B0D129C2D70B0070B4E0 /* Sources */ = {
			isa = PBXSourcesBuildPhase;
			buildActionMask = 2147483647;
			files = (
				AF59E0B029D18F9800B4AF7C /* SignupStatus.swift in Sources */,
				AF60B10429C2F41F0070B4E0 /* ProfileVC.swift in Sources */,
				AF3DB87A29C4431500097A71 /* ProjXDB.xcdatamodeld in Sources */,
				AF94037D29C8B606001FAA7A /* BaseLoginViewTableView.swift in Sources */,
				AF3DB87329C433FD00097A71 /* UIColor+Extension.swift in Sources */,
				AF59E0B429D1A0F000B4AF7C /* TeamProfileCell.swift in Sources */,
				AFDAB29729F15A4400CE9BD9 /* ProfileCell.swift in Sources */,
				AF9403D429CAE5CA001FAA7A /* HomeCollectionViewEmptyPlaceholderCell.swift in Sources */,
				AF9AB1C029C82C0500246A39 /* StatusUpdate.swift in Sources */,
				AF60B0F929C2F1F30070B4E0 /* MainTabbar.swift in Sources */,
				AF94039929C9B00C001FAA7A /* HomeCollectionViewTaskCell.swift in Sources */,
				AF3DB87029C4288600097A71 /* WelcomePage.swift in Sources */,
				AF59E0AC29D03AFE00B4AF7C /* Util.swift in Sources */,
				AF0374CB29E533DB00CFDC85 /* TaskTitleCell.swift in Sources */,
				AF59E0C329D5706300B4AF7C /* PROJXImagePicker.swift in Sources */,
				AF94038729C98F43001FAA7A /* User+CoreDataProperties.swift in Sources */,
				AFFA872929ED1353007E1179 /* TeamMemberSelector.swift in Sources */,
				AF94038629C98F43001FAA7A /* User+CoreDataClass.swift in Sources */,
				AFFC942329E529E900D32AC4 /* ViewTaskVC.swift in Sources */,
				AFFA873329F12BD2007E1179 /* DescriptionViewVC.swift in Sources */,
				AF9403D029CA9BCF001FAA7A /* HomeCollectionViewHeaderView.swift in Sources */,
				AF59E0BF29D448EC00B4AF7C /* MenuProvider.swift in Sources */,
				AFFA873129F106FC007E1179 /* PriorityPickerVC.swift in Sources */,
				AF60B10229C2F4100070B4E0 /* UpdatesVC.swift in Sources */,
				AFFC941F29DFD6F200D32AC4 /* AddTaskTableViewCell.swift in Sources */,
				AFFC941829DEE85200D32AC4 /* TaskItem+CoreDataClass.swift in Sources */,
				AF9403D229CAB1FA001FAA7A /* SessionManager.swift in Sources */,
				AF60B0D929C2D70B0070B4E0 /* AppDelegate.swift in Sources */,
				AF869CEC29CDC9AB00E0A2AE /* TeamDelegates.swift in Sources */,
				AFFC941D29DFD68600D32AC4 /* AddTaskVC.swift in Sources */,
				AFFA872F29ED545B007E1179 /* TaskDelegates.swift in Sources */,
				AFFE538C29DE94E1004668E8 /* NotificationUpdate.swift in Sources */,
				AF94039229C995A9001FAA7A /* Team+CoreDataClass.swift in Sources */,
				AF9403E029CC124F001FAA7A /* TaskStatus.swift in Sources */,
				AF60B0FE29C2F3E70070B4E0 /* TasksVC.swift in Sources */,
				AFFC942129E029CB00D32AC4 /* TasksTableViewCell.swift in Sources */,
				AFE258D729C49DA30017ADFB /* LoginDelegates.swift in Sources */,
				AFFC941929DEE85200D32AC4 /* TaskItem+CoreDataProperties.swift in Sources */,
				AFE258E429C81B1D0017ADFB /* InputValidator.swift in Sources */,
				AF94037F29C9711B001FAA7A /* DataConfiguration.swift in Sources */,
				AF94036D29C877E1001FAA7A /* DataManager.swift in Sources */,
				AF9403DE29CC1041001FAA7A /* TeamInfoVC.swift in Sources */,
				AFFA872D29ED4A92007E1179 /* TaskPriority.swift in Sources */,
				AF869CEA29CDA7ED00E0A2AE /* JoinTeamVC.swift in Sources */,
				AF60B10029C2F4060070B4E0 /* TeamsVC.swift in Sources */,
				AF94039629C9ABF8001FAA7A /* PROJXCollectionViewController.swift in Sources */,
				AF59E0B629D1A0FD00B4AF7C /* TeamOwnerCell.swift in Sources */,
				AFFE538529D6DB3F004668E8 /* PROJXImageTextCell.swift in Sources */,
				AF9403CE29CA12E2001FAA7A /* Date+Extension.swift in Sources */,
				AF60B0F229C2EDFF0070B4E0 /* PROJXViewController.swift in Sources */,
				AFE258D329C496580017ADFB /* SignupVC.swift in Sources */,
				AFE258DC29C6EC320017ADFB /* UITextField+Extension.swift in Sources */,
				AF9403D629CAE71A001FAA7A /* UserRole.swift in Sources */,
				AF94039329C995A9001FAA7A /* Team+CoreDataProperties.swift in Sources */,
				AFE258E129C818860017ADFB /* PROJXLabel.swift in Sources */,
				AFE258D529C49CF00017ADFB /* SigninVC.swift in Sources */,
				AF94034129C86590001FAA7A /* PROJXTableViewController.swift in Sources */,
				AFC9998729F68DAA004EAD7F /* AccentColorSelectionCell.swift in Sources */,
				AF60B0DB29C2D70B0070B4E0 /* SceneDelegate.swift in Sources */,
				AFFC942529E52F2000D32AC4 /* MarqueeLabel.swift in Sources */,
				AF869CE829CDA7BE00E0A2AE /* CreateEditTeamVC.swift in Sources */,
				AF60B0EF29C2D8F50070B4E0 /* GlobalConstants.swift in Sources */,
				AF0374CD29E5358600CFDC85 /* TaskDescriptionCell.swift in Sources */,
				AFDAB29929F2365D00CE9BD9 /* ProfileButtonCell.swift in Sources */,
			);
			runOnlyForDeploymentPostprocessing = 0;
		};
/* End PBXSourcesBuildPhase section */

/* Begin PBXVariantGroup section */
		AF60B0E329C2D70D0070B4E0 /* LaunchScreen.storyboard */ = {
			isa = PBXVariantGroup;
			children = (
				AF60B0E429C2D70D0070B4E0 /* Base */,
			);
			name = LaunchScreen.storyboard;
			sourceTree = "<group>";
		};
/* End PBXVariantGroup section */

/* Begin XCBuildConfiguration section */
		AF60B0E729C2D70D0070B4E0 /* Debug */ = {
			isa = XCBuildConfiguration;
			buildSettings = {
				ALWAYS_SEARCH_USER_PATHS = NO;
				CLANG_ANALYZER_NONNULL = YES;
				CLANG_ANALYZER_NUMBER_OBJECT_CONVERSION = YES_AGGRESSIVE;
				CLANG_CXX_LANGUAGE_STANDARD = "gnu++20";
				CLANG_ENABLE_MODULES = YES;
				CLANG_ENABLE_OBJC_ARC = YES;
				CLANG_ENABLE_OBJC_WEAK = YES;
				CLANG_WARN_BLOCK_CAPTURE_AUTORELEASING = YES;
				CLANG_WARN_BOOL_CONVERSION = YES;
				CLANG_WARN_COMMA = YES;
				CLANG_WARN_CONSTANT_CONVERSION = YES;
				CLANG_WARN_DEPRECATED_OBJC_IMPLEMENTATIONS = YES;
				CLANG_WARN_DIRECT_OBJC_ISA_USAGE = YES_ERROR;
				CLANG_WARN_DOCUMENTATION_COMMENTS = YES;
				CLANG_WARN_EMPTY_BODY = YES;
				CLANG_WARN_ENUM_CONVERSION = YES;
				CLANG_WARN_INFINITE_RECURSION = YES;
				CLANG_WARN_INT_CONVERSION = YES;
				CLANG_WARN_NON_LITERAL_NULL_CONVERSION = YES;
				CLANG_WARN_OBJC_IMPLICIT_RETAIN_SELF = YES;
				CLANG_WARN_OBJC_LITERAL_CONVERSION = YES;
				CLANG_WARN_OBJC_ROOT_CLASS = YES_ERROR;
				CLANG_WARN_QUOTED_INCLUDE_IN_FRAMEWORK_HEADER = YES;
				CLANG_WARN_RANGE_LOOP_ANALYSIS = YES;
				CLANG_WARN_STRICT_PROTOTYPES = YES;
				CLANG_WARN_SUSPICIOUS_MOVE = YES;
				CLANG_WARN_UNGUARDED_AVAILABILITY = YES_AGGRESSIVE;
				CLANG_WARN_UNREACHABLE_CODE = YES;
				CLANG_WARN__DUPLICATE_METHOD_MATCH = YES;
				COPY_PHASE_STRIP = NO;
				DEBUG_INFORMATION_FORMAT = dwarf;
				ENABLE_STRICT_OBJC_MSGSEND = YES;
				ENABLE_TESTABILITY = YES;
				GCC_C_LANGUAGE_STANDARD = gnu11;
				GCC_DYNAMIC_NO_PIC = NO;
				GCC_NO_COMMON_BLOCKS = YES;
				GCC_OPTIMIZATION_LEVEL = 0;
				GCC_PREPROCESSOR_DEFINITIONS = (
					"DEBUG=1",
					"$(inherited)",
				);
				GCC_WARN_64_TO_32_BIT_CONVERSION = YES;
				GCC_WARN_ABOUT_RETURN_TYPE = YES_ERROR;
				GCC_WARN_UNDECLARED_SELECTOR = YES;
				GCC_WARN_UNINITIALIZED_AUTOS = YES_AGGRESSIVE;
				GCC_WARN_UNUSED_FUNCTION = YES;
				GCC_WARN_UNUSED_VARIABLE = YES;
				IPHONEOS_DEPLOYMENT_TARGET = 16.2;
				MTL_ENABLE_DEBUG_INFO = INCLUDE_SOURCE;
				MTL_FAST_MATH = YES;
				ONLY_ACTIVE_ARCH = YES;
				SDKROOT = iphoneos;
				SWIFT_ACTIVE_COMPILATION_CONDITIONS = DEBUG;
				SWIFT_OPTIMIZATION_LEVEL = "-Onone";
			};
			name = Debug;
		};
		AF60B0E829C2D70D0070B4E0 /* Release */ = {
			isa = XCBuildConfiguration;
			buildSettings = {
				ALWAYS_SEARCH_USER_PATHS = NO;
				CLANG_ANALYZER_NONNULL = YES;
				CLANG_ANALYZER_NUMBER_OBJECT_CONVERSION = YES_AGGRESSIVE;
				CLANG_CXX_LANGUAGE_STANDARD = "gnu++20";
				CLANG_ENABLE_MODULES = YES;
				CLANG_ENABLE_OBJC_ARC = YES;
				CLANG_ENABLE_OBJC_WEAK = YES;
				CLANG_WARN_BLOCK_CAPTURE_AUTORELEASING = YES;
				CLANG_WARN_BOOL_CONVERSION = YES;
				CLANG_WARN_COMMA = YES;
				CLANG_WARN_CONSTANT_CONVERSION = YES;
				CLANG_WARN_DEPRECATED_OBJC_IMPLEMENTATIONS = YES;
				CLANG_WARN_DIRECT_OBJC_ISA_USAGE = YES_ERROR;
				CLANG_WARN_DOCUMENTATION_COMMENTS = YES;
				CLANG_WARN_EMPTY_BODY = YES;
				CLANG_WARN_ENUM_CONVERSION = YES;
				CLANG_WARN_INFINITE_RECURSION = YES;
				CLANG_WARN_INT_CONVERSION = YES;
				CLANG_WARN_NON_LITERAL_NULL_CONVERSION = YES;
				CLANG_WARN_OBJC_IMPLICIT_RETAIN_SELF = YES;
				CLANG_WARN_OBJC_LITERAL_CONVERSION = YES;
				CLANG_WARN_OBJC_ROOT_CLASS = YES_ERROR;
				CLANG_WARN_QUOTED_INCLUDE_IN_FRAMEWORK_HEADER = YES;
				CLANG_WARN_RANGE_LOOP_ANALYSIS = YES;
				CLANG_WARN_STRICT_PROTOTYPES = YES;
				CLANG_WARN_SUSPICIOUS_MOVE = YES;
				CLANG_WARN_UNGUARDED_AVAILABILITY = YES_AGGRESSIVE;
				CLANG_WARN_UNREACHABLE_CODE = YES;
				CLANG_WARN__DUPLICATE_METHOD_MATCH = YES;
				COPY_PHASE_STRIP = NO;
				DEBUG_INFORMATION_FORMAT = "dwarf-with-dsym";
				ENABLE_NS_ASSERTIONS = NO;
				ENABLE_STRICT_OBJC_MSGSEND = YES;
				GCC_C_LANGUAGE_STANDARD = gnu11;
				GCC_NO_COMMON_BLOCKS = YES;
				GCC_WARN_64_TO_32_BIT_CONVERSION = YES;
				GCC_WARN_ABOUT_RETURN_TYPE = YES_ERROR;
				GCC_WARN_UNDECLARED_SELECTOR = YES;
				GCC_WARN_UNINITIALIZED_AUTOS = YES_AGGRESSIVE;
				GCC_WARN_UNUSED_FUNCTION = YES;
				GCC_WARN_UNUSED_VARIABLE = YES;
				IPHONEOS_DEPLOYMENT_TARGET = 16.2;
				MTL_ENABLE_DEBUG_INFO = NO;
				MTL_FAST_MATH = YES;
				SDKROOT = iphoneos;
				SWIFT_COMPILATION_MODE = wholemodule;
				SWIFT_OPTIMIZATION_LEVEL = "-O";
				VALIDATE_PRODUCT = YES;
			};
			name = Release;
		};
		AF60B0EA29C2D70D0070B4E0 /* Debug */ = {
			isa = XCBuildConfiguration;
			buildSettings = {
				ASSETCATALOG_COMPILER_APPICON_NAME = AppIcon;
				ASSETCATALOG_COMPILER_GLOBAL_ACCENT_COLOR_NAME = AccentColor;
				CODE_SIGN_IDENTITY = "Apple Development";
				CODE_SIGN_STYLE = Automatic;
				CURRENT_PROJECT_VERSION = 1;
				DEVELOPMENT_TEAM = 8X9W3GL2K8;
				GENERATE_INFOPLIST_FILE = YES;
				INFOPLIST_FILE = ProjX/Structure/Info.plist;
				INFOPLIST_KEY_CFBundleDisplayName = ProjX;
				INFOPLIST_KEY_UIApplicationSupportsIndirectInputEvents = YES;
				INFOPLIST_KEY_UILaunchStoryboardName = ProjX/Structure/LaunchScreen;
				INFOPLIST_KEY_UIStatusBarStyle = "";
				INFOPLIST_KEY_UISupportedInterfaceOrientations = UIInterfaceOrientationPortrait;
				INFOPLIST_KEY_UISupportedInterfaceOrientations_iPad = "UIInterfaceOrientationLandscapeLeft UIInterfaceOrientationLandscapeRight UIInterfaceOrientationPortrait UIInterfaceOrientationPortraitUpsideDown";
				IPHONEOS_DEPLOYMENT_TARGET = 16.0;
				LD_RUNPATH_SEARCH_PATHS = (
					"$(inherited)",
					"@executable_path/Frameworks",
				);
				MARKETING_VERSION = 1.0;
				PRODUCT_BUNDLE_IDENTIFIER = com.vtouch.zcrm.demo.ProjX;
				PRODUCT_NAME = "$(TARGET_NAME)";
				PROVISIONING_PROFILE_SPECIFIER = "";
				SWIFT_EMIT_LOC_STRINGS = YES;
				SWIFT_VERSION = 5.0;
				TARGETED_DEVICE_FAMILY = "1,2";
			};
			name = Debug;
		};
		AF60B0EB29C2D70D0070B4E0 /* Release */ = {
			isa = XCBuildConfiguration;
			buildSettings = {
				ASSETCATALOG_COMPILER_APPICON_NAME = AppIcon;
				ASSETCATALOG_COMPILER_GLOBAL_ACCENT_COLOR_NAME = AccentColor;
				CODE_SIGN_IDENTITY = "Apple Development";
				CODE_SIGN_STYLE = Automatic;
				CURRENT_PROJECT_VERSION = 1;
				DEVELOPMENT_TEAM = 8X9W3GL2K8;
				GENERATE_INFOPLIST_FILE = YES;
				INFOPLIST_FILE = ProjX/Structure/Info.plist;
				INFOPLIST_KEY_CFBundleDisplayName = ProjX;
				INFOPLIST_KEY_UIApplicationSupportsIndirectInputEvents = YES;
				INFOPLIST_KEY_UILaunchStoryboardName = ProjX/Structure/LaunchScreen;
				INFOPLIST_KEY_UIStatusBarStyle = "";
				INFOPLIST_KEY_UISupportedInterfaceOrientations = UIInterfaceOrientationPortrait;
				INFOPLIST_KEY_UISupportedInterfaceOrientations_iPad = "UIInterfaceOrientationLandscapeLeft UIInterfaceOrientationLandscapeRight UIInterfaceOrientationPortrait UIInterfaceOrientationPortraitUpsideDown";
				IPHONEOS_DEPLOYMENT_TARGET = 16.0;
				LD_RUNPATH_SEARCH_PATHS = (
					"$(inherited)",
					"@executable_path/Frameworks",
				);
				MARKETING_VERSION = 1.0;
				PRODUCT_BUNDLE_IDENTIFIER = com.vtouch.zcrm.demo.ProjX;
				PRODUCT_NAME = "$(TARGET_NAME)";
				PROVISIONING_PROFILE_SPECIFIER = "";
				SWIFT_EMIT_LOC_STRINGS = YES;
				SWIFT_VERSION = 5.0;
				TARGETED_DEVICE_FAMILY = "1,2";
			};
			name = Release;
		};
/* End XCBuildConfiguration section */

/* Begin XCConfigurationList section */
		AF60B0D029C2D70B0070B4E0 /* Build configuration list for PBXProject "ProjX" */ = {
			isa = XCConfigurationList;
			buildConfigurations = (
				AF60B0E729C2D70D0070B4E0 /* Debug */,
				AF60B0E829C2D70D0070B4E0 /* Release */,
			);
			defaultConfigurationIsVisible = 0;
			defaultConfigurationName = Release;
		};
		AF60B0E929C2D70D0070B4E0 /* Build configuration list for PBXNativeTarget "ProjX" */ = {
			isa = XCConfigurationList;
			buildConfigurations = (
				AF60B0EA29C2D70D0070B4E0 /* Debug */,
				AF60B0EB29C2D70D0070B4E0 /* Release */,
			);
			defaultConfigurationIsVisible = 0;
			defaultConfigurationName = Release;
		};
/* End XCConfigurationList section */

/* Begin XCVersionGroup section */
		AF3DB87829C4431500097A71 /* ProjXDB.xcdatamodeld */ = {
			isa = XCVersionGroup;
			children = (
				AF3DB87929C4431500097A71 /* EnceladusDB.xcdatamodel */,
			);
			currentVersion = AF3DB87929C4431500097A71 /* EnceladusDB.xcdatamodel */;
			path = ProjXDB.xcdatamodeld;
			sourceTree = "<group>";
			versionGroupType = wrapper.xcdatamodel;
		};
/* End XCVersionGroup section */
	};
	rootObject = AF60B0CD29C2D70B0070B4E0 /* Project object */;
}
